{
    "name": "mk-types",
    "lockfileVersion": 3,
    "requires": true,
    "packages": {
        "": {
            "dependencies": {
                "@ts-for-gir/cli": "4.4.0"
            }
        },
        "node_modules/@gerrit0/mini-shiki": {
            "version": "3.23.0",
            "resolved": "https://registry.npmjs.org/@gerrit0/mini-shiki/-/mini-shiki-3.23.0.tgz",
            "integrity": "sha512-bEMORlG0cqdjVyCEuU0cDQbORWX+kYCeo0kV1lbxF5bt4r7SID2l9bqsxJEM0zndaxpOUT7riCyIVEuqq/Ynxg==",
            "license": "MIT",
            "dependencies": {
                "@shikijs/engine-oniguruma": "^3.23.0",
                "@shikijs/langs": "^3.23.0",
                "@shikijs/themes": "^3.23.0",
                "@shikijs/types": "^3.23.0",
                "@shikijs/vscode-textmate": "^10.0.2"
            }
        },
        "node_modules/@inquirer/ansi": {
            "version": "2.0.7",
            "resolved": "https://registry.npmjs.org/@inquirer/ansi/-/ansi-2.0.7.tgz",
            "integrity": "sha512-3eTuUO1vH2cZm2ZKHeQxnOqlTi9EfZDGgIe3BL3I4u+rJHocr9Fz86M4fjYABPvFnQG/gGK551HqDiIcETwU6Q==",
            "license": "MIT",
            "engines": {
                "node": ">=23.5.0 || ^22.13.0 || ^20.17.0"
            }
        },
        "node_modules/@inquirer/checkbox": {
            "version": "5.2.3",
            "resolved": "https://registry.npmjs.org/@inquirer/checkbox/-/checkbox-5.2.3.tgz",
            "integrity": "sha512-XEYX2WA8SBkLPczL6/yXPHLPCvDoptmh9v56Cy05BSV1Smk1vWy19bTC4qJBuIffw7+6l4CcaYYzGqG60RfW1g==",
            "license": "MIT",
            "dependencies": {
                "@inquirer/ansi": "^2.0.7",
                "@inquirer/core": "^12.0.1",
                "@inquirer/figures": "^2.0.8",
                "@inquirer/type": "^4.1.0"
            },
            "engines": {
                "node": ">=23.5.0 || ^22.13.0 || ^20.17.0"
            },
            "peerDependencies": {
                "@types/node": ">=18"
            },
            "peerDependenciesMeta": {
                "@types/node": {
                    "optional": true
                }
            }
        },
        "node_modules/@inquirer/confirm": {
            "version": "6.3.0",
            "resolved": "https://registry.npmjs.org/@inquirer/confirm/-/confirm-6.3.0.tgz",
            "integrity": "sha512-pZHXJImFtERmSNMBHcjwuz8Ck5vEFEYNUZnwbb8aJpjHv/TwGuFErNxF2Hp8+V+pNJs2EYPMlyWscvFEqO9jOQ==",
            "license": "MIT",
            "dependencies": {
                "@inquirer/core": "^12.0.1",
                "@inquirer/type": "^4.1.0"
            },
            "engines": {
                "node": ">=23.5.0 || ^22.13.0 || ^20.17.0"
            },
            "peerDependencies": {
                "@types/node": ">=18"
            },
            "peerDependenciesMeta": {
                "@types/node": {
                    "optional": true
                }
            }
        },
        "node_modules/@inquirer/core": {
            "version": "12.0.1",
            "resolved": "https://registry.npmjs.org/@inquirer/core/-/core-12.0.1.tgz",
            "integrity": "sha512-JMD5Jy/ScL5TZE18m83Nw25HjqGFLoWXwnEkW7IdwwAhZpB9Bus55/WU7zn3UqR1MOCjjTQOIYpiD4vjWA3LPw==",
            "license": "MIT",
            "dependencies": {
                "@inquirer/ansi": "^2.0.7",
                "@inquirer/figures": "^2.0.8",
                "@inquirer/type": "^4.1.0",
                "cli-width": "^4.1.0",
                "fast-wrap-ansi": "^0.2.0",
                "mute-stream": "^3.0.0",
                "signal-exit": "^4.1.0"
            },
            "engines": {
                "node": ">=23.5.0 || ^22.13.0 || ^20.17.0"
            },
            "peerDependencies": {
                "@types/node": ">=18"
            },
            "peerDependenciesMeta": {
                "@types/node": {
                    "optional": true
                }
            }
        },
        "node_modules/@inquirer/editor": {
            "version": "5.3.1",
            "resolved": "https://registry.npmjs.org/@inquirer/editor/-/editor-5.3.1.tgz",
            "integrity": "sha512-y43COoyVUjPWIobn2Qep/uI1drPS78aaZZZ9kVi94Tyu/GuW2N8d8Q4rifJXGAXCEAXCPTTMjD8gC1HyvM5ukA==",
            "license": "MIT",
            "dependencies": {
                "@inquirer/core": "^12.0.1",
                "@inquirer/external-editor": "^3.0.4",
                "@inquirer/type": "^4.1.0"
            },
            "engines": {
                "node": ">=23.5.0 || ^22.13.0 || ^20.17.0"
            },
            "peerDependencies": {
                "@types/node": ">=18"
            },
            "peerDependenciesMeta": {
                "@types/node": {
                    "optional": true
                }
            }
        },
        "node_modules/@inquirer/expand": {
            "version": "5.1.3",
            "resolved": "https://registry.npmjs.org/@inquirer/expand/-/expand-5.1.3.tgz",
            "integrity": "sha512-3NQJiXNJ/aj9wiAsr7pECdp5Qe9J0X9YUJCKsaFXS+ddOxfL6J4AIl3w3T4Gq3kK0WsQY5GMoDokK5X94m6lHw==",
            "license": "MIT",
            "dependencies": {
                "@inquirer/core": "^12.0.1",
                "@inquirer/type": "^4.1.0"
            },
            "engines": {
                "node": ">=23.5.0 || ^22.13.0 || ^20.17.0"
            },
            "peerDependencies": {
                "@types/node": ">=18"
            },
            "peerDependenciesMeta": {
                "@types/node": {
                    "optional": true
                }
            }
        },
        "node_modules/@inquirer/external-editor": {
            "version": "3.0.4",
            "resolved": "https://registry.npmjs.org/@inquirer/external-editor/-/external-editor-3.0.4.tgz",
            "integrity": "sha512-tZbbaK2ovq6vlrRBNQvjrypmrED/p5x2ncIHQ79cD55tei3dD96v5glMMA+6tiq7K104i/25DVYKWVPJuV6ptA==",
            "license": "MIT",
            "dependencies": {
                "chardet": "^2.1.1",
                "iconv-lite": "^0.7.2"
            },
            "engines": {
                "node": ">=23.5.0 || ^22.13.0 || ^20.17.0"
            },
            "peerDependencies": {
                "@types/node": ">=18"
            },
            "peerDependenciesMeta": {
                "@types/node": {
                    "optional": true
                }
            }
        },
        "node_modules/@inquirer/figures": {
            "version": "2.0.8",
            "resolved": "https://registry.npmjs.org/@inquirer/figures/-/figures-2.0.8.tgz",
            "integrity": "sha512-tApbon79GM9ry56ja/Ud3SY2CL4TQsao9fIwDQbgTeNY55025GdMzQ2+UdegV/lx51VNGUB59M0v0nMpybYY4Q==",
            "license": "MIT",
            "engines": {
                "node": ">=23.5.0 || ^22.13.0 || ^20.17.0"
            }
        },
        "node_modules/@inquirer/input": {
            "version": "5.1.4",
            "resolved": "https://registry.npmjs.org/@inquirer/input/-/input-5.1.4.tgz",
            "integrity": "sha512-3xQkQrOvgOzpSN2ciTVdRDlg1FWMCA8l+0KfB6SNlILoTCGzJTzO/gc0Rwjcb3usuGyKdaGtI6OiyMdeMeLWkg==",
            "license": "MIT",
            "dependencies": {
                "@inquirer/core": "^12.0.1",
                "@inquirer/type": "^4.1.0"
            },
            "engines": {
                "node": ">=23.5.0 || ^22.13.0 || ^20.17.0"
            },
            "peerDependencies": {
                "@types/node": ">=18"
            },
            "peerDependenciesMeta": {
                "@types/node": {
                    "optional": true
                }
            }
        },
        "node_modules/@inquirer/number": {
            "version": "4.2.1",
            "resolved": "https://registry.npmjs.org/@inquirer/number/-/number-4.2.1.tgz",
            "integrity": "sha512-5KaqwZNLRpUuWcoCrYghPP9TMaXL5v2Sk4xqePM7RCVegcJStoXdWibio60YIC1bec+z1fCyb67N6XPJIkZtGA==",
            "license": "MIT",
            "dependencies": {
                "@inquirer/core": "^12.0.1",
                "@inquirer/type": "^4.1.0"
            },
            "engines": {
                "node": ">=23.5.0 || ^22.13.0 || ^20.17.0"
            },
            "peerDependencies": {
                "@types/node": ">=18"
            },
            "peerDependenciesMeta": {
                "@types/node": {
                    "optional": true
                }
            }
        },
        "node_modules/@inquirer/password": {
            "version": "5.2.0",
            "resolved": "https://registry.npmjs.org/@inquirer/password/-/password-5.2.0.tgz",
            "integrity": "sha512-CvVcW09emkBESEOW+4R8CjLNkP3fB3XrjeL8CDvfpjgrJN+V9oerXmJAXXM3l+4xqYPD5Yaujzy/Ph0PLOdDuA==",
            "license": "MIT",
            "dependencies": {
                "@inquirer/ansi": "^2.0.7",
                "@inquirer/core": "^12.0.1",
                "@inquirer/type": "^4.1.0"
            },
            "engines": {
                "node": ">=23.5.0 || ^22.13.0 || ^20.17.0"
            },
            "peerDependencies": {
                "@types/node": ">=18"
            },
            "peerDependenciesMeta": {
                "@types/node": {
                    "optional": true
                }
            }
        },
        "node_modules/@inquirer/prompts": {
            "version": "8.7.0",
            "resolved": "https://registry.npmjs.org/@inquirer/prompts/-/prompts-8.7.0.tgz",
            "integrity": "sha512-yQwBMYvpJ6jqrXtKiOwRD5XezjJoyt3VQvIyjsr5Arqb519nfIohOQymWVJ8/vEgg8xtZerrCsqlSaqt/LPC9A==",
            "license": "MIT",
            "dependencies": {
                "@inquirer/checkbox": "^5.2.3",
                "@inquirer/confirm": "^6.3.0",
                "@inquirer/editor": "^5.3.1",
                "@inquirer/expand": "^5.1.3",
                "@inquirer/input": "^5.1.4",
                "@inquirer/number": "^4.2.1",
                "@inquirer/password": "^5.2.0",
                "@inquirer/rawlist": "^5.3.3",
                "@inquirer/search": "^4.3.1",
                "@inquirer/select": "^5.2.3"
            },
            "engines": {
                "node": ">=23.5.0 || ^22.13.0 || ^20.17.0"
            },
            "peerDependencies": {
                "@types/node": ">=18"
            },
            "peerDependenciesMeta": {
                "@types/node": {
                    "optional": true
                }
            }
        },
        "node_modules/@inquirer/rawlist": {
            "version": "5.3.3",
            "resolved": "https://registry.npmjs.org/@inquirer/rawlist/-/rawlist-5.3.3.tgz",
            "integrity": "sha512-Mu7WrtmDLaXBDEyrRLS70SZgX9ZSm4Up1w0ZxiH8C1OOp9oaVCn2k8q3QGgmlnhsKYUhuaU3zFWhAP6wxkVIMA==",
            "license": "MIT",
            "dependencies": {
                "@inquirer/core": "^12.0.1",
                "@inquirer/type": "^4.1.0"
            },
            "engines": {
                "node": ">=23.5.0 || ^22.13.0 || ^20.17.0"
            },
            "peerDependencies": {
                "@types/node": ">=18"
            },
            "peerDependenciesMeta": {
                "@types/node": {
                    "optional": true
                }
            }
        },
        "node_modules/@inquirer/search": {
            "version": "4.3.1",
            "resolved": "https://registry.npmjs.org/@inquirer/search/-/search-4.3.1.tgz",
            "integrity": "sha512-0VWOvsHWI0rPj6CG70MoP4oXNCB6adcyN8bVFZXnh11eLDdPIK2f2XCmva78acPPDfJisfab7qNakwBh7hdBXw==",
            "license": "MIT",
            "dependencies": {
                "@inquirer/core": "^12.0.1",
                "@inquirer/figures": "^2.0.8",
                "@inquirer/type": "^4.1.0"
            },
            "engines": {
                "node": ">=23.5.0 || ^22.13.0 || ^20.17.0"
            },
            "peerDependencies": {
                "@types/node": ">=18"
            },
            "peerDependenciesMeta": {
                "@types/node": {
                    "optional": true
                }
            }
        },
        "node_modules/@inquirer/select": {
            "version": "5.2.3",
            "resolved": "https://registry.npmjs.org/@inquirer/select/-/select-5.2.3.tgz",
            "integrity": "sha512-KuRTodDa6xBXX2noIpjuitpX/QT7Sfav7dIZ/OfUY54Hxg95nrGoshSzxx6Ey7qqLbImKdiGkSDt7KjPXjQgmA==",
            "license": "MIT",
            "dependencies": {
                "@inquirer/ansi": "^2.0.7",
                "@inquirer/core": "^12.0.1",
                "@inquirer/figures": "^2.0.8",
                "@inquirer/type": "^4.1.0"
            },
            "engines": {
                "node": ">=23.5.0 || ^22.13.0 || ^20.17.0"
            },
            "peerDependencies": {
                "@types/node": ">=18"
            },
            "peerDependenciesMeta": {
                "@types/node": {
                    "optional": true
                }
            }
        },
        "node_modules/@inquirer/type": {
            "version": "4.1.0",
            "resolved": "https://registry.npmjs.org/@inquirer/type/-/type-4.1.0.tgz",
            "integrity": "sha512-FMiJpuHUG3Dk0ex+UIXkre7i+i4OcwHWk9YdcVtZHFwb/r2rnrU2ipTCNAB7A+QOP0ryzIcqOfy76fRyyvOEAw==",
            "license": "MIT",
            "engines": {
                "node": ">=23.5.0 || ^22.13.0 || ^20.17.0"
            },
            "peerDependencies": {
                "@types/node": ">=18"
            },
            "peerDependenciesMeta": {
                "@types/node": {
                    "optional": true
                }
            }
        },
        "node_modules/@shikijs/engine-oniguruma": {
            "version": "3.23.0",
            "resolved": "https://registry.npmjs.org/@shikijs/engine-oniguruma/-/engine-oniguruma-3.23.0.tgz",
            "integrity": "sha512-1nWINwKXxKKLqPibT5f4pAFLej9oZzQTsby8942OTlsJzOBZ0MWKiwzMsd+jhzu8YPCHAswGnnN1YtQfirL35g==",
            "license": "MIT",
            "dependencies": {
                "@shikijs/types": "3.23.0",
                "@shikijs/vscode-textmate": "^10.0.2"
            }
        },
        "node_modules/@shikijs/langs": {
            "version": "3.23.0",
            "resolved": "https://registry.npmjs.org/@shikijs/langs/-/langs-3.23.0.tgz",
            "integrity": "sha512-2Ep4W3Re5aB1/62RSYQInK9mM3HsLeB91cHqznAJMuylqjzNVAVCMnNWRHFtcNHXsoNRayP9z1qj4Sq3nMqYXg==",
            "license": "MIT",
            "dependencies": {
                "@shikijs/types": "3.23.0"
            }
        },
        "node_modules/@shikijs/themes": {
            "version": "3.23.0",
            "resolved": "https://registry.npmjs.org/@shikijs/themes/-/themes-3.23.0.tgz",
            "integrity": "sha512-5qySYa1ZgAT18HR/ypENL9cUSGOeI2x+4IvYJu4JgVJdizn6kG4ia5Q1jDEOi7gTbN4RbuYtmHh0W3eccOrjMA==",
            "license": "MIT",
            "dependencies": {
                "@shikijs/types": "3.23.0"
            }
        },
        "node_modules/@shikijs/types": {
            "version": "3.23.0",
            "resolved": "https://registry.npmjs.org/@shikijs/types/-/types-3.23.0.tgz",
            "integrity": "sha512-3JZ5HXOZfYjsYSk0yPwBrkupyYSLpAE26Qc0HLghhZNGTZg/SKxXIIgoxOpmmeQP0RRSDJTk1/vPfw9tbw+jSQ==",
            "license": "MIT",
            "dependencies": {
                "@shikijs/vscode-textmate": "^10.0.2",
                "@types/hast": "^3.0.4"
            }
        },
        "node_modules/@shikijs/vscode-textmate": {
            "version": "10.0.2",
            "resolved": "https://registry.npmjs.org/@shikijs/vscode-textmate/-/vscode-textmate-10.0.2.tgz",
            "integrity": "sha512-83yeghZ2xxin3Nj8z1NMd/NCuca+gsYXswywDy5bHvwlWL8tpTQmzGeUuHd9FC3E/SBEMvzJRwWEOz5gGes9Qg==",
            "license": "MIT"
        },
        "node_modules/@ts-for-gir/cli": {
            "version": "4.4.0",
            "resolved": "https://registry.npmjs.org/@ts-for-gir/cli/-/cli-4.4.0.tgz",
            "integrity": "sha512-eBzItz5o+8e7gMAuRxAkpf9tQ+e4gSUkURq78jdVX7KiEt+jmRffOoYToEULdXTb+n1VhVRRbtKvVU4SQb21ig==",
            "license": "Apache-2.0",
            "dependencies": {
                "@inquirer/prompts": "^8.7.0",
                "@ts-for-gir/templates": "^4.4.0",
                "colorette": "^2.0.20",
                "cosmiconfig": "^10.0.0",
                "ejs": "^6.0.1",
                "glob": "^13.0.6",
                "inquirer": "^14.2.0",
                "typedoc": "^0.28.20",
                "yargs": "^18.1.0"
            },
            "bin": {
                "cli": "bin/ts-for-gir",
                "ts-for-gir": "bin/ts-for-gir",
                "ts-for-gir-dev": "bin/ts-for-gir-dev",
                "ts-for-gir-gjs": "bin/ts-for-gir-gjs"
            },
            "engines": {
                "node": ">=18"
            }
        },
        "node_modules/@ts-for-gir/templates": {
            "version": "4.4.0",
            "resolved": "https://registry.npmjs.org/@ts-for-gir/templates/-/templates-4.4.0.tgz",
            "integrity": "sha512-HTlbzInaDvArno0+YUwv2sbDlVwVQNxS1R7shFuWhZEAS9Ou5UEU4xYkv2gsCNxjL39aQJzaBLb7opTn4esu5A==",
            "license": "Apache-2.0"
        },
        "node_modules/@types/hast": {
            "version": "3.0.5",
            "resolved": "https://registry.npmjs.org/@types/hast/-/hast-3.0.5.tgz",
            "integrity": "sha512-rp/ezSWaD1m44dPKICGhiskI13nVr7qTloFwDa/IYkhhf5nzwP+zIQcIJh3WIFSBOy/H1PzB40jPjMDksN4F+g==",
            "license": "MIT",
            "dependencies": {
                "@types/unist": "*"
            }
        },
        "node_modules/@types/unist": {
            "version": "3.0.3",
            "resolved": "https://registry.npmjs.org/@types/unist/-/unist-3.0.3.tgz",
            "integrity": "sha512-ko/gIFJRv177XgZsZcBwnqJN5x/Gien8qNOn0D5bQU/zAzVf9Zt3BlcUiLqhV9y4ARk0GbT3tnUiPNgnTXzc/Q==",
            "license": "MIT"
        },
        "node_modules/ansi-regex": {
            "version": "6.3.0",
            "resolved": "https://registry.npmjs.org/ansi-regex/-/ansi-regex-6.3.0.tgz",
            "integrity": "sha512-WpDfL7NO6j7tH88IDBNVdUJxDh9nmCteAVW9dsep846XdwF4naCBK+/tGLX3KJgcpgMRXCFlTM2hKGoK9FsdrQ==",
            "license": "MIT",
            "engines": {
                "node": ">=12"
            },
            "funding": {
                "url": "https://github.com/chalk/ansi-regex?sponsor=1"
            }
        },
        "node_modules/ansi-styles": {
            "version": "6.2.3",
            "resolved": "https://registry.npmjs.org/ansi-styles/-/ansi-styles-6.2.3.tgz",
            "integrity": "sha512-4Dj6M28JB+oAH8kFkTLUo+a2jwOFkuqb3yucU0CANcRRUbxS0cP0nZYCGjcc3BNXwRIsUVmDGgzawme7zvJHvg==",
            "license": "MIT",
            "engines": {
                "node": ">=12"
            },
            "funding": {
                "url": "https://github.com/chalk/ansi-styles?sponsor=1"
            }
        },
        "node_modules/argparse": {
            "version": "2.0.1",
            "resolved": "https://registry.npmjs.org/argparse/-/argparse-2.0.1.tgz",
            "integrity": "sha512-8+9WqebbFzpX9OR+Wa6O29asIogeRMzcGtAINdpMHHyAg10f05aSFVBbcEqGf/PXw1EjAZ+q2/bEBg3DvurK3Q==",
            "license": "Python-2.0"
        },
        "node_modules/balanced-match": {
            "version": "4.0.4",
            "resolved": "https://registry.npmjs.org/balanced-match/-/balanced-match-4.0.4.tgz",
            "integrity": "sha512-BLrgEcRTwX2o6gGxGOCNyMvGSp35YofuYzw9h1IMTRmKqttAZZVU67bdb9Pr2vUHA8+j3i2tJfjO6C6+4myGTA==",
            "license": "MIT",
            "engines": {
                "node": "18 || 20 || >=22"
            }
        },
        "node_modules/brace-expansion": {
            "version": "5.0.9",
            "resolved": "https://registry.npmjs.org/brace-expansion/-/brace-expansion-5.0.9.tgz",
            "integrity": "sha512-ScQ4IuvIEF1TMlP7Zt+vjJ//9zlPb2SDcxWxM3bk8s6t6GGdJ7KO1dCcTidOPJKePW30LE/2cT7wCyPho9/Wxg==",
            "license": "MIT",
            "dependencies": {
                "balanced-match": "^4.0.2"
            },
            "engines": {
                "node": "20 || >=22"
            }
        },
        "node_modules/chardet": {
            "version": "2.2.0",
            "resolved": "https://registry.npmjs.org/chardet/-/chardet-2.2.0.tgz",
            "integrity": "sha512-rddelWYNPRrXq6PtNEN2S3f6t9ILzvqaN5pVgi4kqt9jHQaXIial9PznB5iSPVlQSLNaaH22ItWz3EJtQ10+OA==",
            "license": "MIT"
        },
        "node_modules/cli-width": {
            "version": "4.1.0",
            "resolved": "https://registry.npmjs.org/cli-width/-/cli-width-4.1.0.tgz",
            "integrity": "sha512-ouuZd4/dm2Sw5Gmqy6bGyNNNe1qt9RpmxveLSO7KcgsTnU7RXfsw+/bukWGo1abgBiMAic068rclZsO4IWmmxQ==",
            "license": "ISC",
            "engines": {
                "node": ">= 12"
            }
        },
        "node_modules/cliui": {
            "version": "9.0.1",
            "resolved": "https://registry.npmjs.org/cliui/-/cliui-9.0.1.tgz",
            "integrity": "sha512-k7ndgKhwoQveBL+/1tqGJYNz097I7WOvwbmmU2AR5+magtbjPWQTS1C5vzGkBC8Ym8UWRzfKUzUUqFLypY4Q+w==",
            "license": "ISC",
            "dependencies": {
                "string-width": "^7.2.0",
                "strip-ansi": "^7.1.0",
                "wrap-ansi": "^9.0.0"
            },
            "engines": {
                "node": ">=20"
            }
        },
        "node_modules/cliui/node_modules/string-width": {
            "version": "7.2.0",
            "resolved": "https://registry.npmjs.org/string-width/-/string-width-7.2.0.tgz",
            "integrity": "sha512-tsaTIkKW9b4N+AEj+SVA+WhJzV7/zMhcSu78mLKWSk7cXMOSHsBKFWUs0fWwq8QyK3MgJBQRX6Gbi4kYbdvGkQ==",
            "license": "MIT",
            "dependencies": {
                "emoji-regex": "^10.3.0",
                "get-east-asian-width": "^1.0.0",
                "strip-ansi": "^7.1.0"
            },
            "engines": {
                "node": ">=18"
            },
            "funding": {
                "url": "https://github.com/sponsors/sindresorhus"
            }
        },
        "node_modules/colorette": {
            "version": "2.0.20",
            "resolved": "https://registry.npmjs.org/colorette/-/colorette-2.0.20.tgz",
            "integrity": "sha512-IfEDxwoWIjkeXL1eXcDiow4UbKjhLdq6/EuSVR9GMN7KVH3r9gQ83e73hsz1Nd1T3ijd5xv1wcWRYO+D6kCI2w==",
            "license": "MIT"
        },
        "node_modules/cosmiconfig": {
            "version": "10.0.1",
            "resolved": "https://registry.npmjs.org/cosmiconfig/-/cosmiconfig-10.0.1.tgz",
            "integrity": "sha512-/zvGoYn0y27QTBmK+0B+oPdEPC4fKGUmJsMTQbDjqph00TrkqfVFW/M+C6ya54sYCgHC6QCwK/mI6djt8cEGHQ==",
            "license": "MIT",
            "dependencies": {
                "env-paths": "^2.2.1",
                "js-yaml": "^5.4.1"
            },
            "engines": {
                "node": "^22.18 || >= 24"
            },
            "funding": {
                "url": "https://github.com/sponsors/d-fischer"
            }
        },
        "node_modules/ejs": {
            "version": "6.0.1",
            "resolved": "https://registry.npmjs.org/ejs/-/ejs-6.0.1.tgz",
            "integrity": "sha512-UaaM14yby8U3k02ihS1Bmj5Kz2d7CCQM1scxpgs4Mhkq8F1wR2gl3+Ts4h5Ne4Mnt7M9m4Dw7jsuMr3+xO4vZA==",
            "license": "Apache-2.0",
            "bin": {
                "ejs": "bin/cli.js"
            },
            "engines": {
                "node": ">=0.12.18"
            }
        },
        "node_modules/emoji-regex": {
            "version": "10.6.0",
            "resolved": "https://registry.npmjs.org/emoji-regex/-/emoji-regex-10.6.0.tgz",
            "integrity": "sha512-toUI84YS5YmxW219erniWD0CIVOo46xGKColeNQRgOzDorgBi1v4D71/OFzgD9GO2UGKIv1C3Sp8DAn0+j5w7A==",
            "license": "MIT"
        },
        "node_modules/entities": {
            "version": "4.5.0",
            "resolved": "https://registry.npmjs.org/entities/-/entities-4.5.0.tgz",
            "integrity": "sha512-V0hjH4dGPh9Ao5p0MoRY6BVqtwCjhz6vI5LT8AJ55H+4g9/4vbHx1I54fS0XuclLhDHArPQCiMjDxjaL8fPxhw==",
            "license": "BSD-2-Clause",
            "engines": {
                "node": ">=0.12"
            },
            "funding": {
                "url": "https://github.com/fb55/entities?sponsor=1"
            }
        },
        "node_modules/env-paths": {
            "version": "2.2.1",
            "resolved": "https://registry.npmjs.org/env-paths/-/env-paths-2.2.1.tgz",
            "integrity": "sha512-+h1lkLKhZMTYjog1VEpJNG7NZJWcuc2DDk/qsqSTRRCOXiLjeQ1d1/udrUGhqMxUgAlwKNZ0cf2uqan5GLuS2A==",
            "license": "MIT",
            "engines": {
                "node": ">=6"
            }
        },
        "node_modules/escalade": {
            "version": "3.2.0",
            "resolved": "https://registry.npmjs.org/escalade/-/escalade-3.2.0.tgz",
            "integrity": "sha512-WUj2qlxaQtO4g6Pq5c29GTcWGDyd8itL8zTlipgECz3JesAiiOKotd8JU6otB3PACgG6xkJUyVhboMS+bje/jA==",
            "license": "MIT",
            "engines": {
                "node": ">=6"
            }
        },
        "node_modules/fast-string-truncated-width": {
            "version": "3.0.3",
            "resolved": "https://registry.npmjs.org/fast-string-truncated-width/-/fast-string-truncated-width-3.0.3.tgz",
            "integrity": "sha512-0jjjIEL6+0jag3l2XWWizO64/aZVtpiGE3t0Zgqxv0DPuxiMjvB3M24fCyhZUO4KomJQPj3LTSUnDP3GpdwC0g==",
            "license": "MIT"
        },
        "node_modules/fast-string-width": {
            "version": "3.0.2",
            "resolved": "https://registry.npmjs.org/fast-string-width/-/fast-string-width-3.0.2.tgz",
            "integrity": "sha512-gX8LrtNEI5hq8DVUfRQMbr5lpaS4nMIWV+7XEbXk2b8kiQIizgnlr12B4dA3ZEx3308ze0O4Q1R+cHts8kyUJg==",
            "license": "MIT",
            "dependencies": {
                "fast-string-truncated-width": "^3.0.2"
            }
        },
        "node_modules/fast-wrap-ansi": {
            "version": "0.2.2",
            "resolved": "https://registry.npmjs.org/fast-wrap-ansi/-/fast-wrap-ansi-0.2.2.tgz",
            "integrity": "sha512-7F2Fl+TjRSenLqlU3UjSH0iyqopqoZIu7eZVpEirP2g1GtWa2G/ecEmBdgz31+Mxr+ELclgg6sokpSFIQiZ02Q==",
            "license": "MIT",
            "dependencies": {
                "fast-string-width": "^3.0.2"
            }
        },
        "node_modules/get-caller-file": {
            "version": "2.0.5",
            "resolved": "https://registry.npmjs.org/get-caller-file/-/get-caller-file-2.0.5.tgz",
            "integrity": "sha512-DyFP3BM/3YHTQOCUL/w0OZHR0lpKeGrxotcHWcqNEdnltqFwXVfhEBQ94eIo34AfQpo0rGki4cyIiftY06h2Fg==",
            "license": "ISC",
            "engines": {
                "node": "6.* || 8.* || >= 10.*"
            }
        },
        "node_modules/get-east-asian-width": {
            "version": "1.6.0",
            "resolved": "https://registry.npmjs.org/get-east-asian-width/-/get-east-asian-width-1.6.0.tgz",
            "integrity": "sha512-QRbvDIbx6YklUe6RxeTeleMR0yv3cYH6PsPZHcnVn7xv7zO1BHN8r0XETu8n6Ye3Q+ahtSarc3WgtNWmehIBfA==",
            "license": "MIT",
            "engines": {
                "node": ">=18"
            },
            "funding": {
                "url": "https://github.com/sponsors/sindresorhus"
            }
        },
        "node_modules/glob": {
            "version": "13.0.6",
            "resolved": "https://registry.npmjs.org/glob/-/glob-13.0.6.tgz",
            "integrity": "sha512-Wjlyrolmm8uDpm/ogGyXZXb1Z+Ca2B8NbJwqBVg0axK9GbBeoS7yGV6vjXnYdGm6X53iehEuxxbyiKp8QmN4Vw==",
            "license": "BlueOak-1.0.0",
            "dependencies": {
                "minimatch": "^10.2.2",
                "minipass": "^7.1.3",
                "path-scurry": "^2.0.2"
            },
            "engines": {
                "node": "18 || 20 || >=22"
            },
            "funding": {
                "url": "https://github.com/sponsors/isaacs"
            }
        },
        "node_modules/iconv-lite": {
            "version": "0.7.3",
            "resolved": "https://registry.npmjs.org/iconv-lite/-/iconv-lite-0.7.3.tgz",
            "integrity": "sha512-IKXpvIzjnC9XTAUbVBcMfGS0EPaIXtW6v+zr+RRp+hqULEpo0owZax6wyRwPOJbWbzjYspQwusTsfVr0ifh4uQ==",
            "license": "MIT",
            "dependencies": {
                "safer-buffer": ">= 2.1.2 < 3.0.0"
            },
            "engines": {
                "node": ">=0.10.0"
            },
            "funding": {
                "type": "opencollective",
                "url": "https://opencollective.com/express"
            }
        },
        "node_modules/inquirer": {
            "version": "14.2.0",
            "resolved": "https://registry.npmjs.org/inquirer/-/inquirer-14.2.0.tgz",
            "integrity": "sha512-OUSQNF7um7AvgPyBiK6ENfjqEG434oeVkRG97U8foLftOfcJfKcTi5pMtagJe5ytANPH5TlbfVgEokAl6RSj6g==",
            "license": "MIT",
            "dependencies": {
                "@inquirer/ansi": "^2.0.7",
                "@inquirer/core": "^12.0.1",
                "@inquirer/prompts": "^8.7.0",
                "@inquirer/type": "^4.1.0",
                "mute-stream": "^3.0.0",
                "run-async": "^4.0.6"
            },
            "engines": {
                "node": ">=23.5.0 || ^22.13.0 || ^20.17.0"
            },
            "peerDependencies": {
                "@types/node": ">=18"
            },
            "peerDependenciesMeta": {
                "@types/node": {
                    "optional": true
                }
            }
        },
        "node_modules/js-yaml": {
            "version": "5.4.1",
            "resolved": "https://registry.npmjs.org/js-yaml/-/js-yaml-5.4.1.tgz",
            "integrity": "sha512-28R/k+NAjeuf7+CKlTxWZVExJGwVVLwY06DgEnOMz2gEpfNkDcD7QvyiVPT0xy0XXhU8vHsd4Ot42OOPdJG7dQ==",
            "funding": [
                {
                    "type": "github",
                    "url": "https://github.com/sponsors/puzrin"
                },
                {
                    "type": "github",
                    "url": "https://github.com/sponsors/nodeca"
                }
            ],
            "license": "MIT",
            "dependencies": {
                "argparse": "^2.0.1"
            },
            "bin": {
                "js-yaml": "bin/js-yaml.mjs"
            }
        },
        "node_modules/linkify-it": {
            "version": "5.0.2",
            "resolved": "https://registry.npmjs.org/linkify-it/-/linkify-it-5.0.2.tgz",
            "integrity": "sha512-ONTm2jCMAVZjgQa/Fy1kScXsuOoF5NPTsoFBdE1KVIZ2vAh/r9+Bqo+0jINCBYnavTPQZz38QzFTme79ENoN3Q==",
            "funding": [
                {
                    "type": "github",
                    "url": "https://github.com/sponsors/puzrin"
                },
                {
                    "type": "github",
                    "url": "https://github.com/sponsors/markdown-it"
                }
            ],
            "license": "MIT",
            "dependencies": {
                "uc.micro": "^2.0.0"
            }
        },
        "node_modules/lru-cache": {
            "version": "11.5.2",
            "resolved": "https://registry.npmjs.org/lru-cache/-/lru-cache-11.5.2.tgz",
            "integrity": "sha512-4pfM1Ff0x50o0tQwb5ucw/RzNyD0/YJME6IVcStalZuMWxdt3sR3huStTtxz4PUmvZfRguvDejasvQ2kifR11g==",
            "license": "BlueOak-1.0.0",
            "engines": {
                "node": "20 || >=22"
            }
        },
        "node_modules/lunr": {
            "version": "2.3.9",
            "resolved": "https://registry.npmjs.org/lunr/-/lunr-2.3.9.tgz",
            "integrity": "sha512-zTU3DaZaF3Rt9rhN3uBMGQD3dD2/vFQqnvZCDv4dl5iOzq2IZQqTxu90r4E5J+nP70J3ilqVCrbho2eWaeW8Ow==",
            "license": "MIT"
        },
        "node_modules/markdown-it": {
            "version": "14.3.1",
            "resolved": "https://registry.npmjs.org/markdown-it/-/markdown-it-14.3.1.tgz",
            "integrity": "sha512-4Ej49aYTDFIQ+uBkfX8GBvJGccoARxxPep+7aWTs55ozbjQJpW9M26Fe53vnGgvLeVzva/amzjQQaQu9w0vMhA==",
            "funding": [
                {
                    "type": "github",
                    "url": "https://github.com/sponsors/puzrin"
                },
                {
                    "type": "github",
                    "url": "https://github.com/sponsors/markdown-it"
                }
            ],
            "license": "MIT",
            "dependencies": {
                "argparse": "^2.0.1",
                "entities": "^4.5.0",
                "linkify-it": "^5.0.2",
                "mdurl": "^2.0.0",
                "punycode.js": "^2.3.1",
                "uc.micro": "^2.1.0"
            },
            "bin": {
                "markdown-it": "bin/markdown-it.mjs"
            }
        },
        "node_modules/mdurl": {
            "version": "2.1.0",
            "resolved": "https://registry.npmjs.org/mdurl/-/mdurl-2.1.0.tgz",
            "integrity": "sha512-1+HBaOx0zi/dQWht8rNv9MYf9qqpqL/kxI0hXImU6Y547zM6Sni8BQibt7ifgMcYtQg41ao3Ivd6cnSM86inpg==",
            "license": "MIT"
        },
        "node_modules/minimatch": {
            "version": "10.2.6",
            "resolved": "https://registry.npmjs.org/minimatch/-/minimatch-10.2.6.tgz",
            "integrity": "sha512-vpLQEs+VLCr1nU0BXS07maYoFwlDAH0gngQuuttxIwutDFEMHq2blX+8vpgxDdK3J1PwjCJiep77OitTZ4Ll1A==",
            "license": "BlueOak-1.0.0",
            "dependencies": {
                "brace-expansion": "^5.0.8"
            },
            "engines": {
                "node": "18 || 20 || >=22"
            },
            "funding": {
                "url": "https://github.com/sponsors/isaacs"
            }
        },
        "node_modules/minipass": {
            "version": "7.1.3",
            "resolved": "https://registry.npmjs.org/minipass/-/minipass-7.1.3.tgz",
            "integrity": "sha512-tEBHqDnIoM/1rXME1zgka9g6Q2lcoCkxHLuc7ODJ5BxbP5d4c2Z5cGgtXAku59200Cx7diuHTOYfSBD8n6mm8A==",
            "license": "BlueOak-1.0.0",
            "engines": {
                "node": ">=16 || 14 >=14.17"
            }
        },
        "node_modules/mute-stream": {
            "version": "3.0.0",
            "resolved": "https://registry.npmjs.org/mute-stream/-/mute-stream-3.0.0.tgz",
            "integrity": "sha512-dkEJPVvun4FryqBmZ5KhDo0K9iDXAwn08tMLDinNdRBNPcYEDiWYysLcc6k3mjTMlbP9KyylvRpd4wFtwrT9rw==",
            "license": "ISC",
            "engines": {
                "node": "^20.17.0 || >=22.9.0"
            }
        },
        "node_modules/path-scurry": {
            "version": "2.0.2",
            "resolved": "https://registry.npmjs.org/path-scurry/-/path-scurry-2.0.2.tgz",
            "integrity": "sha512-3O/iVVsJAPsOnpwWIeD+d6z/7PmqApyQePUtCndjatj/9I5LylHvt5qluFaBT3I5h3r1ejfR056c+FCv+NnNXg==",
            "license": "BlueOak-1.0.0",
            "dependencies": {
                "lru-cache": "^11.0.0",
                "minipass": "^7.1.2"
            },
            "engines": {
                "node": "18 || 20 || >=22"
            },
            "funding": {
                "url": "https://github.com/sponsors/isaacs"
            }
        },
        "node_modules/punycode.js": {
            "version": "2.3.1",
            "resolved": "https://registry.npmjs.org/punycode.js/-/punycode.js-2.3.1.tgz",
            "integrity": "sha512-uxFIHU0YlHYhDQtV4R9J6a52SLx28BCjT+4ieh7IGbgwVJWO+km431c4yRlREUAsAmt/uMjQUyQHNEPf0M39CA==",
            "license": "MIT",
            "engines": {
                "node": ">=6"
            }
        },
        "node_modules/run-async": {
            "version": "4.0.6",
            "resolved": "https://registry.npmjs.org/run-async/-/run-async-4.0.6.tgz",
            "integrity": "sha512-IoDlSLTs3Yq593mb3ZoKWKXMNu3UpObxhgA/Xuid5p4bbfi2jdY1Hj0m1K+0/tEuQTxIGMhQDqGjKb7RuxGpAQ==",
            "license": "MIT",
            "engines": {
                "node": ">=0.12.0"
            }
        },
        "node_modules/safer-buffer": {
            "version": "2.1.2",
            "resolved": "https://registry.npmjs.org/safer-buffer/-/safer-buffer-2.1.2.tgz",
            "integrity": "sha512-YZo3K82SD7Riyi0E1EQPojLz7kpepnSQI9IyPbHHg1XXXevb5dJI7tpyN2ADxGcQbHG7vcyRHk0cbwqcQriUtg==",
            "license": "MIT"
        },
        "node_modules/signal-exit": {
            "version": "4.1.0",
            "resolved": "https://registry.npmjs.org/signal-exit/-/signal-exit-4.1.0.tgz",
            "integrity": "sha512-bzyZ1e88w9O1iNJbKnOlvYTrWPDl46O1bG0D3XInv+9tkPrxrN8jUUTiFlDkkmKWgn1M6CfIA13SuGqOa9Korw==",
            "license": "ISC",
            "engines": {
                "node": ">=14"
            },
            "funding": {
                "url": "https://github.com/sponsors/isaacs"
            }
        },
        "node_modules/string-width": {
            "version": "8.2.2",
            "resolved": "https://registry.npmjs.org/string-width/-/string-width-8.2.2.tgz",
            "integrity": "sha512-GaPUh5gfdrYzqeVNZvUfT23vYYxXzKYidUcnMtJg/3rxRV63EFZy3k6xfKlmfeJD0176lnUV/Usr3XcwSvFzpg==",
            "license": "MIT",
            "dependencies": {
                "get-east-asian-width": "^1.5.0",
                "strip-ansi": "^7.1.2"
            },
            "engines": {
                "node": ">=20"
            },
            "funding": {
                "url": "https://github.com/sponsors/sindresorhus"
            }
        },
        "node_modules/strip-ansi": {
            "version": "7.2.0",
            "resolved": "https://registry.npmjs.org/strip-ansi/-/strip-ansi-7.2.0.tgz",
            "integrity": "sha512-yDPMNjp4WyfYBkHnjIRLfca1i6KMyGCtsVgoKe/z1+6vukgaENdgGBZt+ZmKPc4gavvEZ5OgHfHdrazhgNyG7w==",
            "license": "MIT",
            "dependencies": {
                "ansi-regex": "^6.2.2"
            },
            "engines": {
                "node": ">=12"
            },
            "funding": {
                "url": "https://github.com/chalk/strip-ansi?sponsor=1"
            }
        },
        "node_modules/typedoc": {
            "version": "0.28.20",
            "resolved": "https://registry.npmjs.org/typedoc/-/typedoc-0.28.20.tgz",
            "integrity": "sha512-uSKqkh8Cr48vllnEy+jdaAgOeR6Y+QCBW7usgUsKj7gJEfR7stw9U/fE49LBnj2tPRKPY0c0EBJSWe9Appmplg==",
            "license": "Apache-2.0",
            "dependencies": {
                "@gerrit0/mini-shiki": "^3.23.0",
                "lunr": "^2.3.9",
                "markdown-it": "^14.3.0",
                "minimatch": "^10.2.5",
                "yaml": "^2.9.0"
            },
            "bin": {
                "typedoc": "bin/typedoc"
            },
            "engines": {
                "node": ">= 18",
                "pnpm": ">= 10"
            },
            "peerDependencies": {
                "typescript": "5.0.x || 5.1.x || 5.2.x || 5.3.x || 5.4.x || 5.5.x || 5.6.x || 5.7.x || 5.8.x || 5.9.x || 6.0.x"
            }
        },
        "node_modules/typescript": {
            "version": "6.0.3",
            "resolved": "https://registry.npmjs.org/typescript/-/typescript-6.0.3.tgz",
            "integrity": "sha512-y2TvuxSZPDyQakkFRPZHKFm+KKVqIisdg9/CZwm9ftvKXLP8NRWj38/ODjNbr43SsoXqNuAisEf1GdCxqWcdBw==",
            "license": "Apache-2.0",
            "peer": true,
            "bin": {
                "tsc": "bin/tsc",
                "tsserver": "bin/tsserver"
            },
            "engines": {
                "node": ">=14.17"
            }
        },
        "node_modules/uc.micro": {
            "version": "2.1.0",
            "resolved": "https://registry.npmjs.org/uc.micro/-/uc.micro-2.1.0.tgz",
            "integrity": "sha512-ARDJmphmdvUk6Glw7y9DQ2bFkKBHwQHLi2lsaH6PPmz/Ka9sFOBsBluozhDltWmnv9u/cF6Rt87znRTPV+yp/A==",
            "license": "MIT"
        },
        "node_modules/wrap-ansi": {
            "version": "9.0.2",
            "resolved": "https://registry.npmjs.org/wrap-ansi/-/wrap-ansi-9.0.2.tgz",
            "integrity": "sha512-42AtmgqjV+X1VpdOfyTGOYRi0/zsoLqtXQckTmqTeybT+BDIbM/Guxo7x3pE2vtpr1ok6xRqM9OpBe+Jyoqyww==",
            "license": "MIT",
            "dependencies": {
                "ansi-styles": "^6.2.1",
                "string-width": "^7.0.0",
                "strip-ansi": "^7.1.0"
            },
            "engines": {
                "node": ">=18"
            },
            "funding": {
                "url": "https://github.com/chalk/wrap-ansi?sponsor=1"
            }
        },
        "node_modules/wrap-ansi/node_modules/string-width": {
            "version": "7.2.0",
            "resolved": "https://registry.npmjs.org/string-width/-/string-width-7.2.0.tgz",
            "integrity": "sha512-tsaTIkKW9b4N+AEj+SVA+WhJzV7/zMhcSu78mLKWSk7cXMOSHsBKFWUs0fWwq8QyK3MgJBQRX6Gbi4kYbdvGkQ==",
            "license": "MIT",
            "dependencies": {
                "emoji-regex": "^10.3.0",
                "get-east-asian-width": "^1.0.0",
                "strip-ansi": "^7.1.0"
            },
            "engines": {
                "node": ">=18"
            },
            "funding": {
                "url": "https://github.com/sponsors/sindresorhus"
            }
        },
        "node_modules/y18n": {
            "version": "5.0.8",
            "resolved": "https://registry.npmjs.org/y18n/-/y18n-5.0.8.tgz",
            "integrity": "sha512-0pfFzegeDWJHJIAmTLRP2DwHjdF5s7jo9tuztdQxAhINCdvS+3nGINqPd00AphqJR/0LhANUS6/+7SCb98YOfA==",
            "license": "ISC",
            "engines": {
                "node": ">=10"
            }
        },
        "node_modules/yaml": {
            "version": "2.9.0",
            "resolved": "https://registry.npmjs.org/yaml/-/yaml-2.9.0.tgz",
            "integrity": "sha512-2AvhNX3mb8zd6Zy7INTtSpl1F15HW6Wnqj0srWlkKLcpYl/gMIMJiyuGq2KeI2YFxUPjdlB+3Lc10seMLtL4cA==",
            "license": "ISC",
            "bin": {
                "yaml": "bin.mjs"
            },
            "engines": {
                "node": ">= 14.6"
            },
            "funding": {
                "url": "https://github.com/sponsors/eemeli"
            }
        },
        "node_modules/yargs": {
            "version": "18.1.0",
            "resolved": "https://registry.npmjs.org/yargs/-/yargs-18.1.0.tgz",
            "integrity": "sha512-2rAgRKu54VsHkqI0/tYkmluGXHD4KW7yZoycuqDQ15QOTnc2VVfy0nN/1eMhnQLO00A+dwtK20xuCnc1YGeUyg==",
            "license": "MIT",
            "dependencies": {
                "cliui": "^9.0.1",
                "escalade": "^3.1.1",
                "get-caller-file": "^2.0.5",
                "string-width": "^8.2.1",
                "y18n": "^5.0.5",
                "yargs-parser": "^22.0.0"
            },
            "engines": {
                "node": "^20.19.0 || ^22.12.0 || >=23"
            }
        },
        "node_modules/yargs-parser": {
            "version": "22.0.0",
            "resolved": "https://registry.npmjs.org/yargs-parser/-/yargs-parser-22.0.0.tgz",
            "integrity": "sha512-rwu/ClNdSMpkSrUb+d6BRsSkLUq1fmfsY6TOpYzTwvwkg1/NRG85KBy3kq++A8LKQwX6lsu+aWad+2khvuXrqw==",
            "license": "ISC",
            "engines": {
                "node": "^20.19.0 || ^22.12.0 || >=23"
            }
        }
    }
}
