{
  "nodes": {
    "ags": {
      "inputs": {
        "nixpkgs": [
          "nixpkgs"
        ]
      },
      "locked": {
        "lastModified": 1709084243,
        "narHash": "sha256-qYqxP8k2JSdN+0TyPTxhFx1TS/kxlS7CsOzKBc752/A=",
        "owner": "Aylur",
        "repo": "ags",
        "rev": "f905abfd2210701929ffaa3db13faa783b782765",
        "type": "github"
      },
      "original": {
        "owner": "Aylur",
        "repo": "ags",
        "type": "github"
      }
    },
    "arion": {
      "inputs": {
        "flake-parts": "flake-parts",
        "haskell-flake": "haskell-flake",
        "hercules-ci-effects": "hercules-ci-effects",
        "nixpkgs": [
          "nixpkgs"
        ]
      },
      "locked": {
        "lastModified": 1707923576,
        "narHash": "sha256-vch1hvgoB2TEl1+0J9h5uPkTrL4zNFUxE/razagkqQQ=",
        "owner": "hercules-ci",
        "repo": "arion",
        "rev": "2b1fa9a8e9e40bb8e65a677c6fdd66dae4f4676e",
        "type": "github"
      },
      "original": {
        "owner": "hercules-ci",
        "repo": "arion",
        "type": "github"
      }
    },
    "bat-theme-src": {
      "flake": false,
      "locked": {
        "lastModified": 1697829826,
        "narHash": "sha256-UyZ3WFfrEEBjtdb//5waVItmjKorkOiNGtu9eeB3lOw=",
        "owner": "matt1432",
        "repo": "bat",
        "rev": "270bce892537311ac92494a2a7663e3ecf772092",
        "type": "github"
      },
      "original": {
        "owner": "matt1432",
        "repo": "bat",
        "type": "github"
      }
    },
    "caddy-plugins": {
      "inputs": {
        "nixpkgs": [
          "nixpkgs"
        ]
      },
      "locked": {
        "lastModified": 1707942897,
        "narHash": "sha256-xsAZyNQma4fP+Xl37sED+rbf7OXDeSumgC0gOt4jeWI=",
        "owner": "matt1432",
        "repo": "nixos-caddy-cloudflare",
        "rev": "bd22afebaee159bddca0d3be976ea423492b7fca",
        "type": "github"
      },
      "original": {
        "owner": "matt1432",
        "repo": "nixos-caddy-cloudflare",
        "type": "github"
      }
    },
    "coc-stylelintplus": {
      "inputs": {
        "flake-utils": "flake-utils",
        "nixpkgs": [
          "nixpkgs"
        ]
      },
      "locked": {
        "lastModified": 1701045677,
        "narHash": "sha256-Uw7TY8kqcikjeoT3y6Bh7UHvS8Z4jYJTvSkeFKrxfOQ=",
        "owner": "matt1432",
        "repo": "coc-stylelintplus",
        "rev": "3a318b03c4d794ceb80bf24a083334d5cbcc86e5",
        "type": "github"
      },
      "original": {
        "owner": "matt1432",
        "repo": "coc-stylelintplus",
        "type": "github"
      }
    },
    "curseforge-server-downloader-src": {
      "flake": false,
      "locked": {
        "lastModified": 1691252534,
        "narHash": "sha256-GqFj2Rms6BxzWdQTQ9imXKSlov3sDk8Cwwl9lwjIGzM=",
        "owner": "Malpiszonekx4",
        "repo": "curseforge-server-downloader",
        "rev": "91901b2efc64ac54c9135d537e4118e2ac0bd286",
        "type": "github"
      },
      "original": {
        "owner": "Malpiszonekx4",
        "repo": "curseforge-server-downloader",
        "type": "github"
      }
    },
    "eisa-scripts-src": {
      "flake": false,
      "locked": {
        "lastModified": 1700917419,
        "narHash": "sha256-95CAKjBRELX2f7oWSHFWJnI0mikAoxhfUphe9k51Qf4=",
        "owner": "Eisa01",
        "repo": "mpv-scripts",
        "rev": "48d68283cea47ff8e904decc9003b3abc3e2123e",
        "type": "github"
      },
      "original": {
        "owner": "Eisa01",
        "repo": "mpv-scripts",
        "type": "github"
      }
    },
    "firefox-gx-src": {
      "flake": false,
      "locked": {
        "lastModified": 1708376786,
        "narHash": "sha256-xECzIpSr923mlUc5Pk/y0d2BrXVECow2NaL4p79i+/U=",
        "owner": "Godiesc",
        "repo": "firefox-gx",
        "rev": "fd5d51fc9986e854093ff162237281d2fd067e53",
        "type": "github"
      },
      "original": {
        "owner": "Godiesc",
        "ref": "v.9.0",
        "repo": "firefox-gx",
        "type": "github"
      }
    },
    "flake-compat": {
      "locked": {
        "lastModified": 1688025799,
        "narHash": "sha256-ktpB4dRtnksm9F5WawoIkEneh1nrEvuxb5lJFt1iOyw=",
        "owner": "nix-community",
        "repo": "flake-compat",
        "rev": "8bf105319d44f6b9f0d764efa4fdef9f1cc9ba1c",
        "type": "github"
      },
      "original": {
        "owner": "nix-community",
        "repo": "flake-compat",
        "type": "github"
      }
    },
    "flake-parts": {
      "inputs": {
        "nixpkgs-lib": [
          "arion",
          "nixpkgs"
        ]
      },
      "locked": {
        "lastModified": 1706830856,
        "narHash": "sha256-a0NYyp+h9hlb7ddVz4LUn1vT/PLwqfrWYcHMvFB1xYg=",
        "owner": "hercules-ci",
        "repo": "flake-parts",
        "rev": "b253292d9c0a5ead9bc98c4e9a26c6312e27d69f",
        "type": "github"
      },
      "original": {
        "owner": "hercules-ci",
        "repo": "flake-parts",
        "type": "github"
      }
    },
    "flake-parts_2": {
      "inputs": {
        "nixpkgs-lib": [
          "arion",
          "hercules-ci-effects",
          "nixpkgs"
        ]
      },
      "locked": {
        "lastModified": 1701473968,
        "narHash": "sha256-YcVE5emp1qQ8ieHUnxt1wCZCC3ZfAS+SRRWZ2TMda7E=",
        "owner": "hercules-ci",
        "repo": "flake-parts",
        "rev": "34fed993f1674c8d06d58b37ce1e0fe5eebcb9f5",
        "type": "github"
      },
      "original": {
        "id": "flake-parts",
        "type": "indirect"
      }
    },
    "flake-parts_3": {
      "inputs": {
        "nixpkgs-lib": "nixpkgs-lib"
      },
      "locked": {
        "lastModified": 1706830856,
        "narHash": "sha256-a0NYyp+h9hlb7ddVz4LUn1vT/PLwqfrWYcHMvFB1xYg=",
        "owner": "hercules-ci",
        "repo": "flake-parts",
        "rev": "b253292d9c0a5ead9bc98c4e9a26c6312e27d69f",
        "type": "github"
      },
      "original": {
        "owner": "hercules-ci",
        "repo": "flake-parts",
        "type": "github"
      }
    },
    "flake-parts_4": {
      "inputs": {
        "nixpkgs-lib": [
          "nixpkgs-wayland",
          "nix-eval-jobs",
          "nixpkgs"
        ]
      },
      "locked": {
        "lastModified": 1701473968,
        "narHash": "sha256-YcVE5emp1qQ8ieHUnxt1wCZCC3ZfAS+SRRWZ2TMda7E=",
        "owner": "hercules-ci",
        "repo": "flake-parts",
        "rev": "34fed993f1674c8d06d58b37ce1e0fe5eebcb9f5",
        "type": "github"
      },
      "original": {
        "owner": "hercules-ci",
        "repo": "flake-parts",
        "type": "github"
      }
    },
    "flake-utils": {
      "inputs": {
        "systems": "systems"
      },
      "locked": {
        "lastModified": 1694529238,
        "narHash": "sha256-zsNZZGTGnMOf9YpHKJqMSsa0dXbfmxeoJ7xHlrt+xmY=",
        "owner": "numtide",
        "repo": "flake-utils",
        "rev": "ff7b65b44d01cf9ba6a71320833626af21126384",
        "type": "github"
      },
      "original": {
        "owner": "numtide",
        "repo": "flake-utils",
        "type": "github"
      }
    },
    "flake-utils_2": {
      "inputs": {
        "systems": "systems_2"
      },
      "locked": {
        "lastModified": 1701680307,
        "narHash": "sha256-kAuep2h5ajznlPMD9rnQyffWG8EM/C73lejGofXvdM8=",
        "owner": "numtide",
        "repo": "flake-utils",
        "rev": "4022d587cbbfd70fe950c1e2083a02621806a725",
        "type": "github"
      },
      "original": {
        "owner": "numtide",
        "repo": "flake-utils",
        "type": "github"
      }
    },
    "flake-utils_3": {
      "inputs": {
        "systems": "systems_4"
      },
      "locked": {
        "lastModified": 1705309234,
        "narHash": "sha256-uNRRNRKmJyCRC/8y1RqBkqWBLM034y4qN7EprSdmgyA=",
        "owner": "numtide",
        "repo": "flake-utils",
        "rev": "1ef2e671c3b0c19053962c07dbda38332dcebf26",
        "type": "github"
      },
      "original": {
        "owner": "numtide",
        "repo": "flake-utils",
        "type": "github"
      }
    },
    "git-theme-src": {
      "flake": false,
      "locked": {
        "lastModified": 1672784534,
        "narHash": "sha256-3tKjKn5IHIByj+xgi2AIL1vZANlb0vlYJsPjH6BHGxM=",
        "owner": "dracula",
        "repo": "git",
        "rev": "924d5fc32f7ca15d0dd3a8d2cf1747e81e063c73",
        "type": "github"
      },
      "original": {
        "owner": "dracula",
        "repo": "git",
        "type": "github"
      }
    },
    "gpu-screen-recorder-src": {
      "flake": false,
      "locked": {
        "lastModified": 1709134381,
        "narHash": "sha256-/bof4N6wW0ZfNGBxBjgi5ZguEXpvZzEXVUGCVdZGK6o=",
        "ref": "refs/heads/master",
        "rev": "f0450c5bfe24e7f2e2bf1eabb4b0e5e3abd45395",
        "revCount": 508,
        "type": "git",
        "url": "https://repo.dec05eba.com/gpu-screen-recorder"
      },
      "original": {
        "type": "git",
        "url": "https://repo.dec05eba.com/gpu-screen-recorder"
      }
    },
    "gtk-theme-src": {
      "flake": false,
      "locked": {
        "lastModified": 1708115987,
        "narHash": "sha256-PmCJg/mE4mZ7KLljH4ZQou0zsaOo80z19XSmKCjojuw=",
        "owner": "dracula",
        "repo": "gtk",
        "rev": "0be7ae81dc1c15887146db802884aa56f3d92751",
        "type": "github"
      },
      "original": {
        "owner": "dracula",
        "repo": "gtk",
        "type": "github"
      }
    },
    "haskell-flake": {
      "locked": {
        "lastModified": 1675296942,
        "narHash": "sha256-u1X1sblozi5qYEcLp1hxcyo8FfDHnRUVX3dJ/tW19jY=",
        "owner": "srid",
        "repo": "haskell-flake",
        "rev": "c2cafce9d57bfca41794dc3b99c593155006c71e",
        "type": "github"
      },
      "original": {
        "owner": "srid",
        "ref": "0.1.0",
        "repo": "haskell-flake",
        "type": "github"
      }
    },
    "headscale": {
      "inputs": {
        "flake-utils": "flake-utils_2",
        "nixpkgs": [
          "nixpkgs"
        ]
      },
      "locked": {
        "lastModified": 1707460001,
        "narHash": "sha256-K9ULZEAr4mdB6ds/uoAcwLecj+ss2OQvJHKk+P91REA=",
        "owner": "juanfont",
        "repo": "headscale",
        "rev": "00e7550e760b2d3d759471ff55d2b6e2dc81ad2b",
        "type": "github"
      },
      "original": {
        "owner": "juanfont",
        "repo": "headscale",
        "rev": "00e7550e760b2d3d759471ff55d2b6e2dc81ad2b",
        "type": "github"
      }
    },
    "hercules-ci-effects": {
      "inputs": {
        "flake-parts": "flake-parts_2",
        "nixpkgs": [
          "arion",
          "nixpkgs"
        ]
      },
      "locked": {
        "lastModified": 1704029560,
        "narHash": "sha256-a4Iu7x1OP+uSYpqadOu8VCPY+MPF3+f6KIi+MAxlgyw=",
        "owner": "hercules-ci",
        "repo": "hercules-ci-effects",
        "rev": "d5cbf433a6ae9cae05400189a8dbc6412a03ba16",
        "type": "github"
      },
      "original": {
        "owner": "hercules-ci",
        "repo": "hercules-ci-effects",
        "type": "github"
      }
    },
    "home-manager": {
      "inputs": {
        "nixpkgs": [
          "nixpkgs"
        ]
      },
      "locked": {
        "lastModified": 1708468433,
        "narHash": "sha256-1Myq6NRTcH+aj1HlRXWPiUX2Cp5UYrZDDRufApW1wzk=",
        "owner": "matt1432",
        "repo": "home-manager",
        "rev": "bdf84b3cd08b38004fbfdfe9480664bb4d937d50",
        "type": "github"
      },
      "original": {
        "owner": "matt1432",
        "repo": "home-manager",
        "type": "github"
      }
    },
    "hycov": {
      "inputs": {
        "hyprland": [
          "hyprland"
        ]
      },
      "locked": {
        "lastModified": 1709043503,
        "narHash": "sha256-GHrgunfo+UARnf3OgNhdXoNFALRAmQEGhlZ8x5TBvkQ=",
        "owner": "DreamMaoMao",
        "repo": "hycov",
        "rev": "7d48cff8364a7b6ae52a3472ad1dfe01b9f728ae",
        "type": "github"
      },
      "original": {
        "owner": "DreamMaoMao",
        "repo": "hycov",
        "type": "github"
      }
    },
    "hyprgrass": {
      "inputs": {
        "hyprland": [
          "hyprland"
        ]
      },
      "locked": {
        "lastModified": 1708336566,
        "narHash": "sha256-LJ/Qs8TS4H1q6o6JRE5b+oDks0yDUP2Rxc0sPjv2PVw=",
        "owner": "horriblename",
        "repo": "hyprgrass",
        "rev": "ee60b05b6a8928a74bb6bfd7524a174108781a41",
        "type": "github"
      },
      "original": {
        "owner": "horriblename",
        "repo": "hyprgrass",
        "type": "github"
      }
    },
    "hypridle": {
      "inputs": {
        "hyprlang": "hyprlang",
        "nixpkgs": [
          "nixpkgs"
        ]
      },
      "locked": {
        "lastModified": 1709068935,
        "narHash": "sha256-aPHz0KJcwkuMtGK6evGosiGwcEsPISKvOQw422NDqtE=",
        "owner": "hyprwm",
        "repo": "hypridle",
        "rev": "afee84925a161bbdf890d6603086824b51423b4d",
        "type": "github"
      },
      "original": {
        "owner": "hyprwm",
        "repo": "hypridle",
        "type": "github"
      }
    },
    "hyprland": {
      "inputs": {
        "hyprland-protocols": "hyprland-protocols",
        "hyprlang": "hyprlang_2",
        "nixpkgs": [
          "nixpkgs"
        ],
        "systems": "systems_3",
        "wlroots": "wlroots",
        "xdph": "xdph"
      },
      "locked": {
        "lastModified": 1709135985,
        "narHash": "sha256-/wFjU7SyQwmzRf5pKp2ZEiblAlGvzPQeyV9k8PuT77M=",
        "owner": "hyprwm",
        "repo": "Hyprland",
        "rev": "29cdd7de1f8d99462915540569fbe54f10f609f4",
        "type": "github"
      },
      "original": {
        "owner": "hyprwm",
        "repo": "Hyprland",
        "type": "github"
      }
    },
    "hyprland-protocols": {
      "inputs": {
        "nixpkgs": [
          "hyprland",
          "nixpkgs"
        ],
        "systems": [
          "hyprland",
          "systems"
        ]
      },
      "locked": {
        "lastModified": 1691753796,
        "narHash": "sha256-zOEwiWoXk3j3+EoF3ySUJmberFewWlagvewDRuWYAso=",
        "owner": "hyprwm",
        "repo": "hyprland-protocols",
        "rev": "0c2ce70625cb30aef199cb388f99e19a61a6ce03",
        "type": "github"
      },
      "original": {
        "owner": "hyprwm",
        "repo": "hyprland-protocols",
        "type": "github"
      }
    },
    "hyprlang": {
      "inputs": {
        "nixpkgs": [
          "hypridle",
          "nixpkgs"
        ]
      },
      "locked": {
        "lastModified": 1708212860,
        "narHash": "sha256-nW3Zrhh9RJcMTvOcXAaKADnJM/g6tDf3121lJtTHnYo=",
        "owner": "hyprwm",
        "repo": "hyprlang",
        "rev": "11d5ccda071c153dfdc18ef65338956a51cef96a",
        "type": "github"
      },
      "original": {
        "owner": "hyprwm",
        "repo": "hyprlang",
        "type": "github"
      }
    },
    "hyprlang_2": {
      "inputs": {
        "nixpkgs": [
          "hyprland",
          "nixpkgs"
        ],
        "systems": [
          "hyprland",
          "systems"
        ]
      },
      "locked": {
        "lastModified": 1708787654,
        "narHash": "sha256-7ACgM3ZuAhPqurXHUvR2nWMRcnmzGGPjLK6q4DSTelI=",
        "owner": "hyprwm",
        "repo": "hyprlang",
        "rev": "0fce791ba2334aca183f2ed42399518947550d0d",
        "type": "github"
      },
      "original": {
        "owner": "hyprwm",
        "repo": "hyprlang",
        "type": "github"
      }
    },
    "lib-aggregate": {
      "inputs": {
        "flake-utils": "flake-utils_3",
        "nixpkgs-lib": "nixpkgs-lib_2"
      },
      "locked": {
        "lastModified": 1708862933,
        "narHash": "sha256-WMZ97AfnqJGZTzQ0Ovh8GoNdjSERqmp1qsBTpvdb1y8=",
        "owner": "nix-community",
        "repo": "lib-aggregate",
        "rev": "4b00c6e0995270afe27f5ea590a6ed25622963e2",
        "type": "github"
      },
      "original": {
        "owner": "nix-community",
        "repo": "lib-aggregate",
        "type": "github"
      }
    },
    "modernx-src": {
      "flake": false,
      "locked": {
        "lastModified": 1673520434,
        "narHash": "sha256-Gpofl529VbmdN7eOThDAsNfNXNkUDDF82Rd+csXGOQg=",
        "owner": "cyl0",
        "repo": "ModernX",
        "rev": "d053ea602d797bdd85d8b2275d7f606be067dc21",
        "type": "github"
      },
      "original": {
        "owner": "cyl0",
        "repo": "ModernX",
        "type": "github"
      }
    },
    "nh": {
      "inputs": {
        "nixpkgs": "nixpkgs"
      },
      "locked": {
        "lastModified": 1708335499,
        "narHash": "sha256-ZOAhp3hiJsWdNDSs/SF2EPylluAx5PiZv9aAUwZrKOI=",
        "owner": "viperML",
        "repo": "nh",
        "rev": "aa4df097654cdeb15aa74aabd72863a6fb30c7e6",
        "type": "github"
      },
      "original": {
        "owner": "viperML",
        "repo": "nh",
        "type": "github"
      }
    },
    "nix-eval-jobs": {
      "inputs": {
        "flake-parts": "flake-parts_4",
        "nix-github-actions": "nix-github-actions",
        "nixpkgs": "nixpkgs_5",
        "treefmt-nix": "treefmt-nix"
      },
      "locked": {
        "lastModified": 1705242886,
        "narHash": "sha256-TLj334vRwFtSym3m+NnKcNCnKKPNoTC/TDZL40vmOso=",
        "owner": "nix-community",
        "repo": "nix-eval-jobs",
        "rev": "6b03a93296faf174b97546fd573c8b379f523a8d",
        "type": "github"
      },
      "original": {
        "owner": "nix-community",
        "repo": "nix-eval-jobs",
        "type": "github"
      }
    },
    "nix-formatter-pack": {
      "inputs": {
        "nixpkgs": [
          "nix-on-droid",
          "nixpkgs"
        ],
        "nmd": "nmd",
        "nmt": "nmt"
      },
      "locked": {
        "lastModified": 1666720474,
        "narHash": "sha256-iWojjDS1D19zpeZXbBdjWb9MiKmVVFQCqtJmtTXgPx8=",
        "owner": "Gerschtli",
        "repo": "nix-formatter-pack",
        "rev": "14876cc8fe94a3d329964ecb073b4c988c7b61f5",
        "type": "github"
      },
      "original": {
        "owner": "Gerschtli",
        "repo": "nix-formatter-pack",
        "type": "github"
      }
    },
    "nix-gaming": {
      "inputs": {
        "flake-parts": "flake-parts_3",
        "nixpkgs": "nixpkgs_2"
      },
      "locked": {
        "lastModified": 1709124723,
        "narHash": "sha256-DXuMZKEsRhmgMKmWymFNSYqi1NhjPnO+JQ67UN+D8rw=",
        "owner": "NotAShelf",
        "repo": "nix-gaming",
        "rev": "6e2db2c21be525330942380e2e839277574404fa",
        "type": "github"
      },
      "original": {
        "owner": "NotAShelf",
        "repo": "nix-gaming",
        "type": "github"
      }
    },
    "nix-github-actions": {
      "inputs": {
        "nixpkgs": [
          "nixpkgs-wayland",
          "nix-eval-jobs",
          "nixpkgs"
        ]
      },
      "locked": {
        "lastModified": 1701208414,
        "narHash": "sha256-xrQ0FyhwTZK6BwKhahIkUVZhMNk21IEI1nUcWSONtpo=",
        "owner": "nix-community",
        "repo": "nix-github-actions",
        "rev": "93e39cc1a087d65bcf7a132e75a650c44dd2b734",
        "type": "github"
      },
      "original": {
        "owner": "nix-community",
        "repo": "nix-github-actions",
        "type": "github"
      }
    },
    "nix-index-db": {
      "inputs": {
        "nixpkgs": [
          "nixpkgs"
        ]
      },
      "locked": {
        "lastModified": 1708830466,
        "narHash": "sha256-nGKe3Y1/jkLR2eh1aRSVBtKadMBNv8kOnB52UXqRy6A=",
        "owner": "Mic92",
        "repo": "nix-index-database",
        "rev": "f070c7eeec3bde8c8c8baa9c02b6d3d5e114d73b",
        "type": "github"
      },
      "original": {
        "owner": "Mic92",
        "repo": "nix-index-database",
        "type": "github"
      }
    },
    "nix-melt": {
      "inputs": {
        "nixpkgs": "nixpkgs_3"
      },
      "locked": {
        "lastModified": 1708375128,
        "narHash": "sha256-GIASK5tYXM2TQIYwg5Kb+Kl+myZU6Mv9JT4u+gZbr30=",
        "owner": "nix-community",
        "repo": "nix-melt",
        "rev": "46d1c35ec006da573143c78b404a5e2bd834d997",
        "type": "github"
      },
      "original": {
        "owner": "nix-community",
        "repo": "nix-melt",
        "type": "github"
      }
    },
    "nix-on-droid": {
      "inputs": {
        "home-manager": [
          "home-manager"
        ],
        "nix-formatter-pack": "nix-formatter-pack",
        "nixpkgs": [
          "nixpkgs"
        ],
        "nixpkgs-for-bootstrap": "nixpkgs-for-bootstrap",
        "nmd": "nmd_2"
      },
      "locked": {
        "lastModified": 1708167934,
        "narHash": "sha256-6OYqVcniyeU5c9GpedeWN7JQbi0Lcaa5Pf/Qsbyv/vA=",
        "owner": "t184256",
        "repo": "nix-on-droid",
        "rev": "3aab6a9ec47c644f9ef132fc6450ede3c380837f",
        "type": "github"
      },
      "original": {
        "owner": "t184256",
        "repo": "nix-on-droid",
        "type": "github"
      }
    },
    "nixpkgs": {
      "locked": {
        "lastModified": 1708161998,
        "narHash": "sha256-6KnemmUorCvlcAvGziFosAVkrlWZGIc6UNT9GUYr0jQ=",
        "owner": "NixOS",
        "repo": "nixpkgs",
        "rev": "84d981bae8b5e783b3b548de505b22880559515f",
        "type": "github"
      },
      "original": {
        "owner": "NixOS",
        "ref": "nixos-23.11",
        "repo": "nixpkgs",
        "type": "github"
      }
    },
    "nixpkgs-for-bootstrap": {
      "locked": {
        "lastModified": 1686921029,
        "narHash": "sha256-J1bX9plPCFhTSh6E3TWn9XSxggBh/zDD4xigyaIQBy8=",
        "owner": "NixOS",
        "repo": "nixpkgs",
        "rev": "c7ff1b9b95620ce8728c0d7bd501c458e6da9e04",
        "type": "github"
      },
      "original": {
        "owner": "NixOS",
        "repo": "nixpkgs",
        "rev": "c7ff1b9b95620ce8728c0d7bd501c458e6da9e04",
        "type": "github"
      }
    },
    "nixpkgs-lib": {
      "locked": {
        "dir": "lib",
        "lastModified": 1706550542,
        "narHash": "sha256-UcsnCG6wx++23yeER4Hg18CXWbgNpqNXcHIo5/1Y+hc=",
        "owner": "NixOS",
        "repo": "nixpkgs",
        "rev": "97b17f32362e475016f942bbdfda4a4a72a8a652",
        "type": "github"
      },
      "original": {
        "dir": "lib",
        "owner": "NixOS",
        "ref": "nixos-unstable",
        "repo": "nixpkgs",
        "type": "github"
      }
    },
    "nixpkgs-lib_2": {
      "locked": {
        "lastModified": 1708821942,
        "narHash": "sha256-jd+E1SD59qty65pwqad2mftzkT6vW5nNFWVuvayh4Zw=",
        "owner": "nix-community",
        "repo": "nixpkgs.lib",
        "rev": "479831ed8b3c9c7b80533999f880c7d0bf6a491b",
        "type": "github"
      },
      "original": {
        "owner": "nix-community",
        "repo": "nixpkgs.lib",
        "type": "github"
      }
    },
    "nixpkgs-pacemaker": {
      "locked": {
        "lastModified": 1707746079,
        "narHash": "sha256-oaN25Bz/8ZvqUTigsSsw/G+CQGzYe/VseMVwqi761co=",
        "owner": "matt1432",
        "repo": "nixpkgs",
        "rev": "c23dfe7eababf4387a5d154a8a4a2336dd33e406",
        "type": "github"
      },
      "original": {
        "owner": "matt1432",
        "ref": "ocf-fix",
        "repo": "nixpkgs",
        "type": "github"
      }
    },
    "nixpkgs-stable": {
      "locked": {
        "lastModified": 1705033721,
        "narHash": "sha256-K5eJHmL1/kev6WuqyqqbS1cdNnSidIZ3jeqJ7GbrYnQ=",
        "owner": "NixOS",
        "repo": "nixpkgs",
        "rev": "a1982c92d8980a0114372973cbdfe0a307f1bdea",
        "type": "github"
      },
      "original": {
        "owner": "NixOS",
        "ref": "release-23.05",
        "repo": "nixpkgs",
        "type": "github"
      }
    },
    "nixpkgs-wayland": {
      "inputs": {
        "flake-compat": "flake-compat",
        "lib-aggregate": "lib-aggregate",
        "nix-eval-jobs": "nix-eval-jobs",
        "nixpkgs": "nixpkgs_6"
      },
      "locked": {
        "lastModified": 1709127047,
        "narHash": "sha256-ns1B/7FstaaLsJhyrVm/bUrvBjgETDksXlKeQIbQumw=",
        "owner": "nix-community",
        "repo": "nixpkgs-wayland",
        "rev": "f17a5ada41b3566ee8dc67ed946acdba033b5d57",
        "type": "github"
      },
      "original": {
        "owner": "nix-community",
        "repo": "nixpkgs-wayland",
        "type": "github"
      }
    },
    "nixpkgs_2": {
      "locked": {
        "lastModified": 1708751719,
        "narHash": "sha256-0uWOKSpXJXmXswOvDM5Vk3blB74apFB6rNGWV5IjoN0=",
        "owner": "NixOS",
        "repo": "nixpkgs",
        "rev": "f63ce824cd2f036216eb5f637dfef31e1a03ee89",
        "type": "github"
      },
      "original": {
        "owner": "NixOS",
        "ref": "nixpkgs-unstable",
        "repo": "nixpkgs",
        "type": "github"
      }
    },
    "nixpkgs_3": {
      "locked": {
        "lastModified": 1707092692,
        "narHash": "sha256-ZbHsm+mGk/izkWtT4xwwqz38fdlwu7nUUKXTOmm4SyE=",
        "owner": "nixos",
        "repo": "nixpkgs",
        "rev": "faf912b086576fd1a15fca610166c98d47bc667e",
        "type": "github"
      },
      "original": {
        "owner": "nixos",
        "ref": "nixos-unstable",
        "repo": "nixpkgs",
        "type": "github"
      }
    },
    "nixpkgs_4": {
      "locked": {
        "lastModified": 1708984720,
        "narHash": "sha256-gJctErLbXx4QZBBbGp78PxtOOzsDaQ+yw1ylNQBuSUY=",
        "owner": "NixOS",
        "repo": "nixpkgs",
        "rev": "13aff9b34cc32e59d35c62ac9356e4a41198a538",
        "type": "github"
      },
      "original": {
        "owner": "NixOS",
        "ref": "nixos-unstable",
        "repo": "nixpkgs",
        "type": "github"
      }
    },
    "nixpkgs_5": {
      "locked": {
        "lastModified": 1703134684,
        "narHash": "sha256-SQmng1EnBFLzS7WSRyPM9HgmZP2kLJcPAz+Ug/nug6o=",
        "owner": "NixOS",
        "repo": "nixpkgs",
        "rev": "d6863cbcbbb80e71cecfc03356db1cda38919523",
        "type": "github"
      },
      "original": {
        "owner": "NixOS",
        "ref": "nixpkgs-unstable",
        "repo": "nixpkgs",
        "type": "github"
      }
    },
    "nixpkgs_6": {
      "locked": {
        "lastModified": 1708984720,
        "narHash": "sha256-gJctErLbXx4QZBBbGp78PxtOOzsDaQ+yw1ylNQBuSUY=",
        "owner": "nixos",
        "repo": "nixpkgs",
        "rev": "13aff9b34cc32e59d35c62ac9356e4a41198a538",
        "type": "github"
      },
      "original": {
        "owner": "nixos",
        "ref": "nixos-unstable",
        "repo": "nixpkgs",
        "type": "github"
      }
    },
    "nixpkgs_7": {
      "locked": {
        "lastModified": 1708296515,
        "narHash": "sha256-FyF489fYNAUy7b6dkYV6rGPyzp+4tThhr80KNAaF/yY=",
        "owner": "nixos",
        "repo": "nixpkgs",
        "rev": "b98a4e1746acceb92c509bc496ef3d0e5ad8d4aa",
        "type": "github"
      },
      "original": {
        "owner": "nixos",
        "ref": "nixos-unstable",
        "repo": "nixpkgs",
        "type": "github"
      }
    },
    "nixpkgs_8": {
      "locked": {
        "lastModified": 1708807242,
        "narHash": "sha256-sRTRkhMD4delO/hPxxi+XwLqPn8BuUq6nnj4JqLwOu0=",
        "owner": "NixOS",
        "repo": "nixpkgs",
        "rev": "73de017ef2d18a04ac4bfd0c02650007ccb31c2a",
        "type": "github"
      },
      "original": {
        "owner": "NixOS",
        "ref": "nixos-unstable",
        "repo": "nixpkgs",
        "type": "github"
      }
    },
    "nmd": {
      "flake": false,
      "locked": {
        "lastModified": 1666190571,
        "narHash": "sha256-Z1hc7M9X6L+H83o9vOprijpzhTfOBjd0KmUTnpHAVjA=",
        "owner": "rycee",
        "repo": "nmd",
        "rev": "b75d312b4f33bd3294cd8ae5c2ca8c6da2afc169",
        "type": "gitlab"
      },
      "original": {
        "owner": "rycee",
        "repo": "nmd",
        "type": "gitlab"
      }
    },
    "nmd_2": {
      "inputs": {
        "nixpkgs": [
          "nix-on-droid",
          "nixpkgs"
        ],
        "scss-reset": "scss-reset"
      },
      "locked": {
        "lastModified": 1705050560,
        "narHash": "sha256-x3zzcdvhJpodsmdjqB4t5mkVW22V3wqHLOun0KRBzUI=",
        "owner": "~rycee",
        "repo": "nmd",
        "rev": "66d9334933119c36f91a78d565c152a4fdc8d3d3",
        "type": "sourcehut"
      },
      "original": {
        "owner": "~rycee",
        "repo": "nmd",
        "type": "sourcehut"
      }
    },
    "nms": {
      "inputs": {
        "nixpkgs": [
          "nixpkgs"
        ]
      },
      "locked": {
        "lastModified": 1703659416,
        "narHash": "sha256-+S75gs0rUWlWpiozAh3sCPar+gfZ96efG7Ifpo5rleA=",
        "owner": "matt1432",
        "repo": "nixos-minecraft-servers",
        "rev": "cee4e78311e225aae0af6a49f410d5da23d40b66",
        "type": "github"
      },
      "original": {
        "owner": "matt1432",
        "repo": "nixos-minecraft-servers",
        "type": "github"
      }
    },
    "nmt": {
      "flake": false,
      "locked": {
        "lastModified": 1648075362,
        "narHash": "sha256-u36WgzoA84dMVsGXzml4wZ5ckGgfnvS0ryzo/3zn/Pc=",
        "owner": "rycee",
        "repo": "nmt",
        "rev": "d83601002c99b78c89ea80e5e6ba21addcfe12ae",
        "type": "gitlab"
      },
      "original": {
        "owner": "rycee",
        "repo": "nmt",
        "type": "gitlab"
      }
    },
    "nur": {
      "locked": {
        "lastModified": 1709134953,
        "narHash": "sha256-E9Ij1nPvb9Gxdd6yxasTenscYJ/75viQ8qgL1/gt9Zw=",
        "owner": "nix-community",
        "repo": "NUR",
        "rev": "342e550a2ca6c50564d30cab76c27fb9342fca9f",
        "type": "github"
      },
      "original": {
        "owner": "nix-community",
        "repo": "NUR",
        "type": "github"
      }
    },
    "nurl": {
      "inputs": {
        "nixpkgs": "nixpkgs_7"
      },
      "locked": {
        "lastModified": 1708368674,
        "narHash": "sha256-QzvpuikAHHHN91pDkBDoUx3x8LJVHbk2JDwYXe87WCc=",
        "owner": "nix-community",
        "repo": "nurl",
        "rev": "7f789ea2da9ff52724efb38df01ecda87704fc87",
        "type": "github"
      },
      "original": {
        "owner": "nix-community",
        "repo": "nurl",
        "type": "github"
      }
    },
    "nvim-theme-src": {
      "flake": false,
      "locked": {
        "lastModified": 1708834650,
        "narHash": "sha256-I3rtbJYv1D+kniOLL9hmTF3ucp/qSNewnO2GmYAERko=",
        "owner": "Mofiqul",
        "repo": "dracula.nvim",
        "rev": "8d8bddb8814c3e7e62d80dda65a9876f97eb699c",
        "type": "github"
      },
      "original": {
        "owner": "Mofiqul",
        "repo": "dracula.nvim",
        "type": "github"
      }
    },
    "pam-fprint-grosshack-src": {
      "flake": false,
      "locked": {
        "lastModified": 1658952526,
        "narHash": "sha256-obczZbf/oH4xGaVvp3y3ZyDdYhZnxlCWvL0irgEYIi0=",
        "owner": "mishakmak",
        "repo": "pam-fprint-grosshack",
        "rev": "45b42524fb5783e1e555067743d7e0f70d27888a",
        "type": "gitlab"
      },
      "original": {
        "owner": "mishakmak",
        "repo": "pam-fprint-grosshack",
        "type": "gitlab"
      }
    },
    "pcs-src": {
      "flake": false,
      "locked": {
        "lastModified": 1707811828,
        "narHash": "sha256-2w0UImL5qTrcE2AUz5huKMt2fUv0jfEdgU2Yuv6iXSM=",
        "owner": "ClusterLabs",
        "repo": "pcs",
        "rev": "d8f3212c1141dffd2b4ed3e789ab7cca883f7c20",
        "type": "github"
      },
      "original": {
        "owner": "ClusterLabs",
        "repo": "pcs",
        "type": "github"
      }
    },
    "pcsd": {
      "inputs": {
        "nixpkgs": "nixpkgs_8",
        "nixpkgs-pacemaker": "nixpkgs-pacemaker",
        "pcs-src": "pcs-src",
        "pyagentx-src": "pyagentx-src"
      },
      "locked": {
        "lastModified": 1708975168,
        "narHash": "sha256-ds3DOTkFQUcJmys6nwVA4Qmc/uG3a+/iyzE2Mj1o1RM=",
        "owner": "matt1432",
        "repo": "nixos-pcsd",
        "rev": "d0621b99fd44b8b37913b22cc7d6c219ca0b049d",
        "type": "github"
      },
      "original": {
        "owner": "matt1432",
        "repo": "nixos-pcsd",
        "type": "github"
      }
    },
    "persist-properties-src": {
      "flake": false,
      "locked": {
        "lastModified": 1668485020,
        "narHash": "sha256-C2nejhkxAZgfKRl9FrZZqODq2xW6zCbv/sBiqXSAd2k=",
        "owner": "d87",
        "repo": "mpv-persist-properties",
        "rev": "ddb1e6bd7a7d57da9b567ea8dc5227906f416ec6",
        "type": "github"
      },
      "original": {
        "owner": "d87",
        "repo": "mpv-persist-properties",
        "type": "github"
      }
    },
    "plymouth-theme-src": {
      "flake": false,
      "locked": {
        "lastModified": 1704576657,
        "narHash": "sha256-nHirp6UMvBd4rMpXu5xWtBf9GN/jasHhZrUol6HGXpA=",
        "owner": "matt1432",
        "repo": "dracula-plymouth",
        "rev": "54c523dbae26bf68683f27cda79c92da87229ab0",
        "type": "github"
      },
      "original": {
        "owner": "matt1432",
        "repo": "dracula-plymouth",
        "type": "github"
      }
    },
    "pointer-event-src": {
      "flake": false,
      "locked": {
        "lastModified": 1675462432,
        "narHash": "sha256-h2E8wiQX2Vh9qyi2VsXzeOE5vnD9Xin5HZ2Wu2LZUOY=",
        "owner": "christoph-heinrich",
        "repo": "mpv-pointer-event",
        "rev": "33c5ede5977817596ace5a9942a8c801ad3b3d28",
        "type": "github"
      },
      "original": {
        "owner": "christoph-heinrich",
        "repo": "mpv-pointer-event",
        "type": "github"
      }
    },
    "pokemon-colorscripts-src": {
      "flake": false,
      "locked": {
        "lastModified": 1666991310,
        "narHash": "sha256-rj0qKYHCu9SyNsj1PZn1g7arjcHuIDGHwubZg/yJt7A=",
        "owner": "phoneybadger",
        "repo": "pokemon-colorscripts",
        "rev": "0483c85b93362637bdd0632056ff986c07f30868",
        "type": "gitlab"
      },
      "original": {
        "owner": "phoneybadger",
        "repo": "pokemon-colorscripts",
        "type": "gitlab"
      }
    },
    "pyagentx-src": {
      "flake": false,
      "locked": {
        "lastModified": 1511257724,
        "narHash": "sha256-uXFRtQskF2HhHi3KhJwajPvt8c8unrBBOqxGimV74Rc=",
        "owner": "ondrejmular",
        "repo": "pyagentx",
        "rev": "8fcc2f056b54b92c67a264671198fd197d5a1799",
        "type": "github"
      },
      "original": {
        "owner": "ondrejmular",
        "repo": "pyagentx",
        "rev": "8fcc2f056b54b92c67a264671198fd197d5a1799",
        "type": "github"
      }
    },
    "root": {
      "inputs": {
        "ags": "ags",
        "arion": "arion",
        "bat-theme-src": "bat-theme-src",
        "caddy-plugins": "caddy-plugins",
        "coc-stylelintplus": "coc-stylelintplus",
        "curseforge-server-downloader-src": "curseforge-server-downloader-src",
        "eisa-scripts-src": "eisa-scripts-src",
        "firefox-gx-src": "firefox-gx-src",
        "git-theme-src": "git-theme-src",
        "gpu-screen-recorder-src": "gpu-screen-recorder-src",
        "gtk-theme-src": "gtk-theme-src",
        "headscale": "headscale",
        "home-manager": "home-manager",
        "hycov": "hycov",
        "hyprgrass": "hyprgrass",
        "hypridle": "hypridle",
        "hyprland": "hyprland",
        "modernx-src": "modernx-src",
        "nh": "nh",
        "nix-gaming": "nix-gaming",
        "nix-index-db": "nix-index-db",
        "nix-melt": "nix-melt",
        "nix-on-droid": "nix-on-droid",
        "nixpkgs": "nixpkgs_4",
        "nixpkgs-wayland": "nixpkgs-wayland",
        "nms": "nms",
        "nur": "nur",
        "nurl": "nurl",
        "nvim-theme-src": "nvim-theme-src",
        "pam-fprint-grosshack-src": "pam-fprint-grosshack-src",
        "pcsd": "pcsd",
        "persist-properties-src": "persist-properties-src",
        "plymouth-theme-src": "plymouth-theme-src",
        "pointer-event-src": "pointer-event-src",
        "pokemon-colorscripts-src": "pokemon-colorscripts-src",
        "secrets": "secrets",
        "spotifywm-src": "spotifywm-src",
        "touch-gestures-src": "touch-gestures-src",
        "trash-d-src": "trash-d-src",
        "xresources-theme-src": "xresources-theme-src"
      }
    },
    "scss-reset": {
      "flake": false,
      "locked": {
        "lastModified": 1683906868,
        "narHash": "sha256-cif5Sx8Ca5vxdw/mNAgpulLH15TwmzyJFNM7JURpoaE=",
        "owner": "andreymatin",
        "repo": "scss-reset",
        "rev": "5a7bd491ac82441e6283fb0d5d54644b913b30c7",
        "type": "github"
      },
      "original": {
        "owner": "andreymatin",
        "repo": "scss-reset",
        "type": "github"
      }
    },
    "secrets": {
      "inputs": {
        "nixpkgs": [
          "nixpkgs"
        ],
        "sops-nix": "sops-nix"
      },
      "locked": {
        "lastModified": 1709143835,
        "narHash": "sha256-75Ww7bpWFdKyYxTiSd2zO8FX6T5FxfAAwuyOf6PgkWs=",
        "ref": "refs/heads/main",
        "rev": "38fcf652c0fb0c441cd0fff092772f547be7c42d",
        "revCount": 48,
        "type": "git",
        "url": "ssh://git@git.nelim.org/matt1432/nixos-secrets"
      },
      "original": {
        "type": "git",
        "url": "ssh://git@git.nelim.org/matt1432/nixos-secrets"
      }
    },
    "sops-nix": {
      "inputs": {
        "nixpkgs": [
          "secrets",
          "nixpkgs"
        ],
        "nixpkgs-stable": "nixpkgs-stable"
      },
      "locked": {
        "lastModified": 1705356877,
        "narHash": "sha256-274jL1cH64DcXUXebVMZBRUsTs3FvFlPIPkCN/yhSnI=",
        "owner": "Mic92",
        "repo": "sops-nix",
        "rev": "87755331580fdf23df7e39b46d63ac88236bf42c",
        "type": "github"
      },
      "original": {
        "owner": "Mic92",
        "repo": "sops-nix",
        "type": "github"
      }
    },
    "spotifywm-src": {
      "flake": false,
      "locked": {
        "lastModified": 1666732863,
        "narHash": "sha256-AsXqcoqUXUFxTG+G+31lm45gjP6qGohEnUSUtKypew0=",
        "owner": "dasJ",
        "repo": "spotifywm",
        "rev": "8624f539549973c124ed18753881045968881745",
        "type": "github"
      },
      "original": {
        "owner": "dasJ",
        "repo": "spotifywm",
        "type": "github"
      }
    },
    "systems": {
      "locked": {
        "lastModified": 1681028828,
        "narHash": "sha256-Vy1rq5AaRuLzOxct8nz4T6wlgyUR7zLU309k9mBC768=",
        "owner": "nix-systems",
        "repo": "default",
        "rev": "da67096a3b9bf56a91d16901293e51ba5b49a27e",
        "type": "github"
      },
      "original": {
        "owner": "nix-systems",
        "repo": "default",
        "type": "github"
      }
    },
    "systems_2": {
      "locked": {
        "lastModified": 1681028828,
        "narHash": "sha256-Vy1rq5AaRuLzOxct8nz4T6wlgyUR7zLU309k9mBC768=",
        "owner": "nix-systems",
        "repo": "default",
        "rev": "da67096a3b9bf56a91d16901293e51ba5b49a27e",
        "type": "github"
      },
      "original": {
        "owner": "nix-systems",
        "repo": "default",
        "type": "github"
      }
    },
    "systems_3": {
      "locked": {
        "lastModified": 1689347949,
        "narHash": "sha256-12tWmuL2zgBgZkdoB6qXZsgJEH9LR3oUgpaQq2RbI80=",
        "owner": "nix-systems",
        "repo": "default-linux",
        "rev": "31732fcf5e8fea42e59c2488ad31a0e651500f68",
        "type": "github"
      },
      "original": {
        "owner": "nix-systems",
        "repo": "default-linux",
        "type": "github"
      }
    },
    "systems_4": {
      "locked": {
        "lastModified": 1681028828,
        "narHash": "sha256-Vy1rq5AaRuLzOxct8nz4T6wlgyUR7zLU309k9mBC768=",
        "owner": "nix-systems",
        "repo": "default",
        "rev": "da67096a3b9bf56a91d16901293e51ba5b49a27e",
        "type": "github"
      },
      "original": {
        "owner": "nix-systems",
        "repo": "default",
        "type": "github"
      }
    },
    "touch-gestures-src": {
      "flake": false,
      "locked": {
        "lastModified": 1675464086,
        "narHash": "sha256-gmo6sTwN85WS/+wtlylfI22LxyZH48DvXYP5JGCnyU4=",
        "owner": "christoph-heinrich",
        "repo": "mpv-touch-gestures",
        "rev": "f4aa499f038997c1824ff3bfa64ee1d5438d72f2",
        "type": "github"
      },
      "original": {
        "owner": "christoph-heinrich",
        "repo": "mpv-touch-gestures",
        "type": "github"
      }
    },
    "trash-d-src": {
      "flake": false,
      "locked": {
        "lastModified": 1692895205,
        "narHash": "sha256-oPxeoEqOYf6DCg5rJxINqAIlMbxqzAJcZDUY/EzADzY=",
        "owner": "rushsteve1",
        "repo": "trash-d",
        "rev": "d88bb672612761c8e299e717857bf9c85a903e99",
        "type": "github"
      },
      "original": {
        "owner": "rushsteve1",
        "repo": "trash-d",
        "type": "github"
      }
    },
    "treefmt-nix": {
      "inputs": {
        "nixpkgs": [
          "nixpkgs-wayland",
          "nix-eval-jobs",
          "nixpkgs"
        ]
      },
      "locked": {
        "lastModified": 1702979157,
        "narHash": "sha256-RnFBbLbpqtn4AoJGXKevQMCGhra4h6G2MPcuTSZZQ+g=",
        "owner": "numtide",
        "repo": "treefmt-nix",
        "rev": "2961375283668d867e64129c22af532de8e77734",
        "type": "github"
      },
      "original": {
        "owner": "numtide",
        "repo": "treefmt-nix",
        "type": "github"
      }
    },
    "wlroots": {
      "flake": false,
      "locked": {
        "host": "gitlab.freedesktop.org",
        "lastModified": 1708558866,
        "narHash": "sha256-Mz6hCtommq7RQfcPnxLINigO4RYSNt23HeJHC6mVmWI=",
        "owner": "wlroots",
        "repo": "wlroots",
        "rev": "0cb091f1a2d345f37d2ee445f4ffd04f7f4ec9e5",
        "type": "gitlab"
      },
      "original": {
        "host": "gitlab.freedesktop.org",
        "owner": "wlroots",
        "repo": "wlroots",
        "rev": "0cb091f1a2d345f37d2ee445f4ffd04f7f4ec9e5",
        "type": "gitlab"
      }
    },
    "xdph": {
      "inputs": {
        "hyprland-protocols": [
          "hyprland",
          "hyprland-protocols"
        ],
        "hyprlang": [
          "hyprland",
          "hyprlang"
        ],
        "nixpkgs": [
          "hyprland",
          "nixpkgs"
        ],
        "systems": [
          "hyprland",
          "systems"
        ]
      },
      "locked": {
        "lastModified": 1708696469,
        "narHash": "sha256-shh5wmpeYy3MmsBfkm4f76yPsBDGk6OLYRVG+ARy2F0=",
        "owner": "hyprwm",
        "repo": "xdg-desktop-portal-hyprland",
        "rev": "1b713911c2f12b96c2574474686e4027ac4bf826",
        "type": "github"
      },
      "original": {
        "owner": "hyprwm",
        "repo": "xdg-desktop-portal-hyprland",
        "type": "github"
      }
    },
    "xresources-theme-src": {
      "flake": false,
      "locked": {
        "lastModified": 1647833631,
        "narHash": "sha256-6fltsAluqOqYIh2NX0I/LC3WCWkb9Fn8PH6LNLBQbrY=",
        "owner": "dracula",
        "repo": "xresources",
        "rev": "539ef24e9b0c5498a82d59bfa2bad9b618d832a3",
        "type": "github"
      },
      "original": {
        "owner": "dracula",
        "repo": "xresources",
        "type": "github"
      }
    }
  },
  "root": "root",
  "version": 7
}
