{
  "nodes": {
    "ags": {
      "inputs": {
        "nixpkgs": [
          "nixpkgs"
        ]
      },
      "locked": {
        "lastModified": 1706405338,
        "narHash": "sha256-bbhA+GIInRJJzNDf5YnUOOPwfQT/EzBJ1Og4/DjN9+4=",
        "owner": "Aylur",
        "repo": "ags",
        "rev": "f5c2bbe3f68dd7a5316c3cd77e52076af560cd3e",
        "type": "github"
      },
      "original": {
        "owner": "Aylur",
        "repo": "ags",
        "type": "github"
      }
    },
    "arion": {
      "inputs": {
        "flake-parts": "flake-parts",
        "haskell-flake": "haskell-flake",
        "hercules-ci-effects": "hercules-ci-effects",
        "nixpkgs": [
          "nixpkgs"
        ]
      },
      "locked": {
        "lastModified": 1703950660,
        "narHash": "sha256-GgynJdQ6KngwFBd4YbMYbwesyOiMTZAFymsStE0PSfM=",
        "owner": "hercules-ci",
        "repo": "arion",
        "rev": "f295eabd25b7c894ab405be784e2a010f83fde55",
        "type": "github"
      },
      "original": {
        "owner": "hercules-ci",
        "repo": "arion",
        "type": "github"
      }
    },
    "bat-theme-src": {
      "flake": false,
      "locked": {
        "lastModified": 1697829826,
        "narHash": "sha256-UyZ3WFfrEEBjtdb//5waVItmjKorkOiNGtu9eeB3lOw=",
        "owner": "matt1432",
        "repo": "bat",
        "rev": "270bce892537311ac92494a2a7663e3ecf772092",
        "type": "github"
      },
      "original": {
        "owner": "matt1432",
        "repo": "bat",
        "type": "github"
      }
    },
    "caddy-plugins": {
      "inputs": {
        "nixpkgs": [
          "nixpkgs"
        ]
      },
      "locked": {
        "lastModified": 1704347159,
        "narHash": "sha256-tEzuEg2c1MgPYQjeXbEFD23ZKWBIRMwVa/NalQvpQF8=",
        "owner": "matt1432",
        "repo": "nixos-caddy-cloudflare",
        "rev": "aa13646304589699b5d97c917ec9be7a7e3ef245",
        "type": "github"
      },
      "original": {
        "owner": "matt1432",
        "repo": "nixos-caddy-cloudflare",
        "type": "github"
      }
    },
    "coc-stylelintplus": {
      "inputs": {
        "flake-utils": "flake-utils",
        "nixpkgs": [
          "nixpkgs"
        ]
      },
      "locked": {
        "lastModified": 1701045677,
        "narHash": "sha256-Uw7TY8kqcikjeoT3y6Bh7UHvS8Z4jYJTvSkeFKrxfOQ=",
        "owner": "matt1432",
        "repo": "coc-stylelintplus",
        "rev": "3a318b03c4d794ceb80bf24a083334d5cbcc86e5",
        "type": "github"
      },
      "original": {
        "owner": "matt1432",
        "repo": "coc-stylelintplus",
        "type": "github"
      }
    },
    "eisa-scripts-src": {
      "flake": false,
      "locked": {
        "lastModified": 1700917419,
        "narHash": "sha256-95CAKjBRELX2f7oWSHFWJnI0mikAoxhfUphe9k51Qf4=",
        "owner": "Eisa01",
        "repo": "mpv-scripts",
        "rev": "48d68283cea47ff8e904decc9003b3abc3e2123e",
        "type": "github"
      },
      "original": {
        "owner": "Eisa01",
        "repo": "mpv-scripts",
        "type": "github"
      }
    },
    "flake-compat": {
      "locked": {
        "lastModified": 1688025799,
        "narHash": "sha256-ktpB4dRtnksm9F5WawoIkEneh1nrEvuxb5lJFt1iOyw=",
        "owner": "nix-community",
        "repo": "flake-compat",
        "rev": "8bf105319d44f6b9f0d764efa4fdef9f1cc9ba1c",
        "type": "github"
      },
      "original": {
        "owner": "nix-community",
        "repo": "flake-compat",
        "type": "github"
      }
    },
    "flake-parts": {
      "inputs": {
        "nixpkgs-lib": [
          "arion",
          "nixpkgs"
        ]
      },
      "locked": {
        "lastModified": 1701473968,
        "narHash": "sha256-YcVE5emp1qQ8ieHUnxt1wCZCC3ZfAS+SRRWZ2TMda7E=",
        "owner": "hercules-ci",
        "repo": "flake-parts",
        "rev": "34fed993f1674c8d06d58b37ce1e0fe5eebcb9f5",
        "type": "github"
      },
      "original": {
        "owner": "hercules-ci",
        "repo": "flake-parts",
        "type": "github"
      }
    },
    "flake-parts_2": {
      "inputs": {
        "nixpkgs-lib": [
          "arion",
          "hercules-ci-effects",
          "nixpkgs"
        ]
      },
      "locked": {
        "lastModified": 1696343447,
        "narHash": "sha256-B2xAZKLkkeRFG5XcHHSXXcP7To9Xzr59KXeZiRf4vdQ=",
        "owner": "hercules-ci",
        "repo": "flake-parts",
        "rev": "c9afaba3dfa4085dbd2ccb38dfade5141e33d9d4",
        "type": "github"
      },
      "original": {
        "id": "flake-parts",
        "type": "indirect"
      }
    },
    "flake-parts_3": {
      "inputs": {
        "nixpkgs-lib": "nixpkgs-lib"
      },
      "locked": {
        "lastModified": 1704982712,
        "narHash": "sha256-2Ptt+9h8dczgle2Oo6z5ni5rt/uLMG47UFTR1ry/wgg=",
        "owner": "hercules-ci",
        "repo": "flake-parts",
        "rev": "07f6395285469419cf9d078f59b5b49993198c00",
        "type": "github"
      },
      "original": {
        "owner": "hercules-ci",
        "repo": "flake-parts",
        "type": "github"
      }
    },
    "flake-parts_4": {
      "inputs": {
        "nixpkgs-lib": [
          "nixpkgs-wayland",
          "nix-eval-jobs",
          "nixpkgs"
        ]
      },
      "locked": {
        "lastModified": 1701473968,
        "narHash": "sha256-YcVE5emp1qQ8ieHUnxt1wCZCC3ZfAS+SRRWZ2TMda7E=",
        "owner": "hercules-ci",
        "repo": "flake-parts",
        "rev": "34fed993f1674c8d06d58b37ce1e0fe5eebcb9f5",
        "type": "github"
      },
      "original": {
        "owner": "hercules-ci",
        "repo": "flake-parts",
        "type": "github"
      }
    },
    "flake-utils": {
      "inputs": {
        "systems": "systems"
      },
      "locked": {
        "lastModified": 1694529238,
        "narHash": "sha256-zsNZZGTGnMOf9YpHKJqMSsa0dXbfmxeoJ7xHlrt+xmY=",
        "owner": "numtide",
        "repo": "flake-utils",
        "rev": "ff7b65b44d01cf9ba6a71320833626af21126384",
        "type": "github"
      },
      "original": {
        "owner": "numtide",
        "repo": "flake-utils",
        "type": "github"
      }
    },
    "flake-utils_2": {
      "inputs": {
        "systems": "systems_2"
      },
      "locked": {
        "lastModified": 1701680307,
        "narHash": "sha256-kAuep2h5ajznlPMD9rnQyffWG8EM/C73lejGofXvdM8=",
        "owner": "numtide",
        "repo": "flake-utils",
        "rev": "4022d587cbbfd70fe950c1e2083a02621806a725",
        "type": "github"
      },
      "original": {
        "owner": "numtide",
        "repo": "flake-utils",
        "type": "github"
      }
    },
    "flake-utils_3": {
      "inputs": {
        "systems": "systems_4"
      },
      "locked": {
        "lastModified": 1705309234,
        "narHash": "sha256-uNRRNRKmJyCRC/8y1RqBkqWBLM034y4qN7EprSdmgyA=",
        "owner": "numtide",
        "repo": "flake-utils",
        "rev": "1ef2e671c3b0c19053962c07dbda38332dcebf26",
        "type": "github"
      },
      "original": {
        "owner": "numtide",
        "repo": "flake-utils",
        "type": "github"
      }
    },
    "flake-utils_4": {
      "inputs": {
        "systems": "systems_5"
      },
      "locked": {
        "lastModified": 1694529238,
        "narHash": "sha256-zsNZZGTGnMOf9YpHKJqMSsa0dXbfmxeoJ7xHlrt+xmY=",
        "owner": "numtide",
        "repo": "flake-utils",
        "rev": "ff7b65b44d01cf9ba6a71320833626af21126384",
        "type": "github"
      },
      "original": {
        "owner": "numtide",
        "repo": "flake-utils",
        "type": "github"
      }
    },
    "git-theme-src": {
      "flake": false,
      "locked": {
        "lastModified": 1672784534,
        "narHash": "sha256-3tKjKn5IHIByj+xgi2AIL1vZANlb0vlYJsPjH6BHGxM=",
        "owner": "dracula",
        "repo": "git",
        "rev": "924d5fc32f7ca15d0dd3a8d2cf1747e81e063c73",
        "type": "github"
      },
      "original": {
        "owner": "dracula",
        "repo": "git",
        "type": "github"
      }
    },
    "gpu-screen-recorder-src": {
      "flake": false,
      "locked": {
        "lastModified": 1706132041,
        "narHash": "sha256-IaY3nOwfUB3+F5/Da8cj6nUR08wv9CkQCIsHt1BZt00=",
        "ref": "refs/heads/master",
        "rev": "540ad510f6bd479d678e0b3e0896dc5d112c4016",
        "revCount": 465,
        "type": "git",
        "url": "https://repo.dec05eba.com/gpu-screen-recorder"
      },
      "original": {
        "type": "git",
        "url": "https://repo.dec05eba.com/gpu-screen-recorder"
      }
    },
    "gtk-theme-src": {
      "flake": false,
      "locked": {
        "lastModified": 1706124792,
        "narHash": "sha256-jPZabinmQMCtBPj/P3vuqb3OCUbx9OAuCoar7ZnegPQ=",
        "owner": "dracula",
        "repo": "gtk",
        "rev": "ed505cce4b61831765a128ebb544edf040f57be5",
        "type": "github"
      },
      "original": {
        "owner": "dracula",
        "repo": "gtk",
        "type": "github"
      }
    },
    "haskell-flake": {
      "locked": {
        "lastModified": 1675296942,
        "narHash": "sha256-u1X1sblozi5qYEcLp1hxcyo8FfDHnRUVX3dJ/tW19jY=",
        "owner": "srid",
        "repo": "haskell-flake",
        "rev": "c2cafce9d57bfca41794dc3b99c593155006c71e",
        "type": "github"
      },
      "original": {
        "owner": "srid",
        "ref": "0.1.0",
        "repo": "haskell-flake",
        "type": "github"
      }
    },
    "headscale": {
      "inputs": {
        "flake-utils": "flake-utils_2",
        "nixpkgs": [
          "nixpkgs"
        ]
      },
      "locked": {
        "lastModified": 1706172814,
        "narHash": "sha256-ysulL59xcK4HWosYH2EzZ6WChCbvOoal9RbBu9j/Iak=",
        "owner": "juanfont",
        "repo": "headscale",
        "rev": "b4210e2c9003792a86386ccef9bf09227b7118f3",
        "type": "github"
      },
      "original": {
        "owner": "juanfont",
        "repo": "headscale",
        "type": "github"
      }
    },
    "hercules-ci-effects": {
      "inputs": {
        "flake-parts": "flake-parts_2",
        "nixpkgs": [
          "arion",
          "nixpkgs"
        ]
      },
      "locked": {
        "lastModified": 1701009247,
        "narHash": "sha256-GuX16rzRze2y7CsewJLTV6qXkXWyEwp6VCZXi8HLruU=",
        "owner": "hercules-ci",
        "repo": "hercules-ci-effects",
        "rev": "31b6cd7569191bfcd0a548575b0e2ef953ed7d09",
        "type": "github"
      },
      "original": {
        "owner": "hercules-ci",
        "repo": "hercules-ci-effects",
        "type": "github"
      }
    },
    "home-manager": {
      "inputs": {
        "nixpkgs": [
          "nixpkgs"
        ]
      },
      "locked": {
        "lastModified": 1706306660,
        "narHash": "sha256-lZvgkHtVeduGByPb0Tz9LpAi4olfkEm8XPgv0o7GRsk=",
        "owner": "nix-community",
        "repo": "home-manager",
        "rev": "b2f56952074cb46e93902ecaabfb04dd93733434",
        "type": "github"
      },
      "original": {
        "owner": "nix-community",
        "repo": "home-manager",
        "type": "github"
      }
    },
    "hyprgrass": {
      "inputs": {
        "hyprland": [
          "hyprland"
        ]
      },
      "locked": {
        "lastModified": 1706014834,
        "narHash": "sha256-LjS70aH4NH0WRGTlzY94pJM6aQj84DBbKk+rg/X21JI=",
        "owner": "horriblename",
        "repo": "hyprgrass",
        "rev": "1397ae8dad74474f5e967d53c26f981af0bb862d",
        "type": "github"
      },
      "original": {
        "owner": "horriblename",
        "repo": "hyprgrass",
        "type": "github"
      }
    },
    "hyprland": {
      "inputs": {
        "hyprland-protocols": "hyprland-protocols",
        "nixpkgs": [
          "nixpkgs"
        ],
        "systems": "systems_3",
        "wlroots": "wlroots",
        "xdph": "xdph"
      },
      "locked": {
        "lastModified": 1706382674,
        "narHash": "sha256-wuSs8Tm9GweeCEGIwamdMMZmOPF+8WWMM1YdH6jdA/w=",
        "owner": "hyprwm",
        "repo": "Hyprland",
        "rev": "bc7e488a4c7a4bfdd7bce66265fe8aea516fd2ed",
        "type": "github"
      },
      "original": {
        "owner": "hyprwm",
        "repo": "Hyprland",
        "type": "github"
      }
    },
    "hyprland-protocols": {
      "inputs": {
        "nixpkgs": [
          "hyprland",
          "nixpkgs"
        ],
        "systems": [
          "hyprland",
          "systems"
        ]
      },
      "locked": {
        "lastModified": 1691753796,
        "narHash": "sha256-zOEwiWoXk3j3+EoF3ySUJmberFewWlagvewDRuWYAso=",
        "owner": "hyprwm",
        "repo": "hyprland-protocols",
        "rev": "0c2ce70625cb30aef199cb388f99e19a61a6ce03",
        "type": "github"
      },
      "original": {
        "owner": "hyprwm",
        "repo": "hyprland-protocols",
        "type": "github"
      }
    },
    "hyprlang": {
      "inputs": {
        "nixpkgs": [
          "hyprland",
          "xdph",
          "nixpkgs"
        ]
      },
      "locked": {
        "lastModified": 1704287638,
        "narHash": "sha256-TuRXJGwtK440AXQNl5eiqmQqY4LZ/9+z/R7xC0ie3iA=",
        "owner": "hyprwm",
        "repo": "hyprlang",
        "rev": "6624f2bb66d4d27975766e81f77174adbe58ec97",
        "type": "github"
      },
      "original": {
        "owner": "hyprwm",
        "repo": "hyprlang",
        "type": "github"
      }
    },
    "lib-aggregate": {
      "inputs": {
        "flake-utils": "flake-utils_3",
        "nixpkgs-lib": "nixpkgs-lib_2"
      },
      "locked": {
        "lastModified": 1705838953,
        "narHash": "sha256-bu00HScTFCapBq6r1U5QXPO7yDZhzNkGCbGfYKOHRDM=",
        "owner": "nix-community",
        "repo": "lib-aggregate",
        "rev": "aca52761b7d82325fadfec11ea78e01fff8f06e8",
        "type": "github"
      },
      "original": {
        "owner": "nix-community",
        "repo": "lib-aggregate",
        "type": "github"
      }
    },
    "modernx-src": {
      "flake": false,
      "locked": {
        "lastModified": 1673520434,
        "narHash": "sha256-Gpofl529VbmdN7eOThDAsNfNXNkUDDF82Rd+csXGOQg=",
        "owner": "cyl0",
        "repo": "ModernX",
        "rev": "d053ea602d797bdd85d8b2275d7f606be067dc21",
        "type": "github"
      },
      "original": {
        "owner": "cyl0",
        "repo": "ModernX",
        "type": "github"
      }
    },
    "nh": {
      "inputs": {
        "nixpkgs": "nixpkgs"
      },
      "locked": {
        "lastModified": 1705251288,
        "narHash": "sha256-TwCR7tZvrjsvz6SmgjWYOne7Qz7J2jn4Cr4Er0Yj+LA=",
        "owner": "viperML",
        "repo": "nh",
        "rev": "36eba281576afe0f67e5aafb4e7a414f256dba31",
        "type": "github"
      },
      "original": {
        "owner": "viperML",
        "repo": "nh",
        "type": "github"
      }
    },
    "nix-eval-jobs": {
      "inputs": {
        "flake-parts": "flake-parts_4",
        "nix-github-actions": "nix-github-actions",
        "nixpkgs": "nixpkgs_5",
        "treefmt-nix": "treefmt-nix"
      },
      "locked": {
        "lastModified": 1705242886,
        "narHash": "sha256-TLj334vRwFtSym3m+NnKcNCnKKPNoTC/TDZL40vmOso=",
        "owner": "nix-community",
        "repo": "nix-eval-jobs",
        "rev": "6b03a93296faf174b97546fd573c8b379f523a8d",
        "type": "github"
      },
      "original": {
        "owner": "nix-community",
        "repo": "nix-eval-jobs",
        "type": "github"
      }
    },
    "nix-formatter-pack": {
      "inputs": {
        "nixpkgs": [
          "nix-on-droid",
          "nixpkgs"
        ],
        "nmd": "nmd",
        "nmt": "nmt"
      },
      "locked": {
        "lastModified": 1666720474,
        "narHash": "sha256-iWojjDS1D19zpeZXbBdjWb9MiKmVVFQCqtJmtTXgPx8=",
        "owner": "Gerschtli",
        "repo": "nix-formatter-pack",
        "rev": "14876cc8fe94a3d329964ecb073b4c988c7b61f5",
        "type": "github"
      },
      "original": {
        "owner": "Gerschtli",
        "repo": "nix-formatter-pack",
        "type": "github"
      }
    },
    "nix-gaming": {
      "inputs": {
        "flake-parts": "flake-parts_3",
        "nixpkgs": "nixpkgs_2"
      },
      "locked": {
        "lastModified": 1706145483,
        "narHash": "sha256-omDJXQPBNCFGjSSP4X3mlITdmgfkJ3wrlLN1RhR6ld0=",
        "owner": "fufexan",
        "repo": "nix-gaming",
        "rev": "b9f77409aad6976efdae3b05523a07b328920c97",
        "type": "github"
      },
      "original": {
        "owner": "fufexan",
        "repo": "nix-gaming",
        "type": "github"
      }
    },
    "nix-github-actions": {
      "inputs": {
        "nixpkgs": [
          "nixpkgs-wayland",
          "nix-eval-jobs",
          "nixpkgs"
        ]
      },
      "locked": {
        "lastModified": 1701208414,
        "narHash": "sha256-xrQ0FyhwTZK6BwKhahIkUVZhMNk21IEI1nUcWSONtpo=",
        "owner": "nix-community",
        "repo": "nix-github-actions",
        "rev": "93e39cc1a087d65bcf7a132e75a650c44dd2b734",
        "type": "github"
      },
      "original": {
        "owner": "nix-community",
        "repo": "nix-github-actions",
        "type": "github"
      }
    },
    "nix-index-db": {
      "inputs": {
        "nixpkgs": [
          "nixpkgs"
        ]
      },
      "locked": {
        "lastModified": 1705806513,
        "narHash": "sha256-FcOmNjhHFfPz2udZbRpZ1sfyhVMr+C2O8kOxPj+HDDk=",
        "owner": "Mic92",
        "repo": "nix-index-database",
        "rev": "f8e04fbcebcc24cebc91989981bd45f69b963ed7",
        "type": "github"
      },
      "original": {
        "owner": "Mic92",
        "repo": "nix-index-database",
        "type": "github"
      }
    },
    "nix-melt": {
      "inputs": {
        "nixpkgs": "nixpkgs_3"
      },
      "locked": {
        "lastModified": 1706115926,
        "narHash": "sha256-wwCp8urlkHH57vT4fAFQXHK91J1wH4HjA9NtZo5cKWM=",
        "owner": "nix-community",
        "repo": "nix-melt",
        "rev": "dc569f8088e1e68be97858c45da59faa0a1f1777",
        "type": "github"
      },
      "original": {
        "owner": "nix-community",
        "repo": "nix-melt",
        "type": "github"
      }
    },
    "nix-on-droid": {
      "inputs": {
        "home-manager": [
          "home-manager"
        ],
        "nix-formatter-pack": "nix-formatter-pack",
        "nixpkgs": [
          "nixpkgs"
        ],
        "nixpkgs-for-bootstrap": "nixpkgs-for-bootstrap",
        "nmd": "nmd_2"
      },
      "locked": {
        "lastModified": 1694604941,
        "narHash": "sha256-KsoRStRs8dNRRMWQhuB3eUOpzQhOc4dcBQB85tEq3wY=",
        "owner": "t184256",
        "repo": "nix-on-droid",
        "rev": "039379abeee67144d4094d80bbdaf183fb2eabe5",
        "type": "github"
      },
      "original": {
        "owner": "t184256",
        "repo": "nix-on-droid",
        "type": "github"
      }
    },
    "nixpkgs": {
      "locked": {
        "lastModified": 1701263465,
        "narHash": "sha256-lNXUIlkfyDyp9Ox21hr+wsEf/IBklLvb6bYcyeXbdRc=",
        "owner": "NixOS",
        "repo": "nixpkgs",
        "rev": "50aa30a13c4ab5e7ba282da460a3e3d44e9d0eb3",
        "type": "github"
      },
      "original": {
        "owner": "NixOS",
        "ref": "nixos-23.11",
        "repo": "nixpkgs",
        "type": "github"
      }
    },
    "nixpkgs-for-bootstrap": {
      "locked": {
        "lastModified": 1686921029,
        "narHash": "sha256-J1bX9plPCFhTSh6E3TWn9XSxggBh/zDD4xigyaIQBy8=",
        "owner": "NixOS",
        "repo": "nixpkgs",
        "rev": "c7ff1b9b95620ce8728c0d7bd501c458e6da9e04",
        "type": "github"
      },
      "original": {
        "owner": "NixOS",
        "repo": "nixpkgs",
        "rev": "c7ff1b9b95620ce8728c0d7bd501c458e6da9e04",
        "type": "github"
      }
    },
    "nixpkgs-lib": {
      "locked": {
        "dir": "lib",
        "lastModified": 1703961334,
        "narHash": "sha256-M1mV/Cq+pgjk0rt6VxoyyD+O8cOUiai8t9Q6Yyq4noY=",
        "owner": "NixOS",
        "repo": "nixpkgs",
        "rev": "b0d36bd0a420ecee3bc916c91886caca87c894e9",
        "type": "github"
      },
      "original": {
        "dir": "lib",
        "owner": "NixOS",
        "ref": "nixos-unstable",
        "repo": "nixpkgs",
        "type": "github"
      }
    },
    "nixpkgs-lib_2": {
      "locked": {
        "lastModified": 1705798119,
        "narHash": "sha256-WPVKxYMcvGW/2X16pfF1ef05EQ0Ql5XPCxqoCDlQSrY=",
        "owner": "nix-community",
        "repo": "nixpkgs.lib",
        "rev": "a26fc04e3d43acfa1dc52065a4ce39ca7a2ec91c",
        "type": "github"
      },
      "original": {
        "owner": "nix-community",
        "repo": "nixpkgs.lib",
        "type": "github"
      }
    },
    "nixpkgs-pacemaker": {
      "locked": {
        "lastModified": 1691894234,
        "narHash": "sha256-AlBJ1EDwQNVFRxblWVsOu+7WSYmlq8KutLULpikPB2I=",
        "owner": "mitchty",
        "repo": "nixpkgs",
        "rev": "c51014d54a39a2277eac3a72ddbdf33e22c972f5",
        "type": "github"
      },
      "original": {
        "owner": "mitchty",
        "ref": "corosync-pacemaker-ocf",
        "repo": "nixpkgs",
        "type": "github"
      }
    },
    "nixpkgs-stable": {
      "locked": {
        "lastModified": 1705033721,
        "narHash": "sha256-K5eJHmL1/kev6WuqyqqbS1cdNnSidIZ3jeqJ7GbrYnQ=",
        "owner": "NixOS",
        "repo": "nixpkgs",
        "rev": "a1982c92d8980a0114372973cbdfe0a307f1bdea",
        "type": "github"
      },
      "original": {
        "owner": "NixOS",
        "ref": "release-23.05",
        "repo": "nixpkgs",
        "type": "github"
      }
    },
    "nixpkgs-wayland": {
      "inputs": {
        "flake-compat": "flake-compat",
        "lib-aggregate": "lib-aggregate",
        "nix-eval-jobs": "nix-eval-jobs",
        "nixpkgs": "nixpkgs_6"
      },
      "locked": {
        "lastModified": 1706386306,
        "narHash": "sha256-YCiWq2bSt+fKxnYpP9PJ52cthm8dkHUuEVFkwJDauSw=",
        "owner": "nix-community",
        "repo": "nixpkgs-wayland",
        "rev": "791da42b6442870964b11ea28cf5932a76483548",
        "type": "github"
      },
      "original": {
        "owner": "nix-community",
        "repo": "nixpkgs-wayland",
        "type": "github"
      }
    },
    "nixpkgs_2": {
      "locked": {
        "lastModified": 1705697961,
        "narHash": "sha256-XepT3WS516evSFYkme3GrcI3+7uwXHqtHbip+t24J7E=",
        "owner": "NixOS",
        "repo": "nixpkgs",
        "rev": "e5d1c87f5813afde2dda384ac807c57a105721cc",
        "type": "github"
      },
      "original": {
        "owner": "NixOS",
        "ref": "nixpkgs-unstable",
        "repo": "nixpkgs",
        "type": "github"
      }
    },
    "nixpkgs_3": {
      "locked": {
        "lastModified": 1688590700,
        "narHash": "sha256-ZF055rIUP89cVwiLpG5xkJzx00gEuuGFF60Bs/LM3wc=",
        "owner": "nixos",
        "repo": "nixpkgs",
        "rev": "f292b4964cb71f9dfbbd30dc9f511d6165cd109b",
        "type": "github"
      },
      "original": {
        "owner": "nixos",
        "ref": "nixos-unstable",
        "repo": "nixpkgs",
        "type": "github"
      }
    },
    "nixpkgs_4": {
      "locked": {
        "lastModified": 1706191920,
        "narHash": "sha256-eLihrZAPZX0R6RyM5fYAWeKVNuQPYjAkCUBr+JNvtdE=",
        "owner": "NixOS",
        "repo": "nixpkgs",
        "rev": "ae5c332cbb5827f6b1f02572496b141021de335f",
        "type": "github"
      },
      "original": {
        "owner": "NixOS",
        "ref": "nixos-unstable",
        "repo": "nixpkgs",
        "type": "github"
      }
    },
    "nixpkgs_5": {
      "locked": {
        "lastModified": 1703134684,
        "narHash": "sha256-SQmng1EnBFLzS7WSRyPM9HgmZP2kLJcPAz+Ug/nug6o=",
        "owner": "NixOS",
        "repo": "nixpkgs",
        "rev": "d6863cbcbbb80e71cecfc03356db1cda38919523",
        "type": "github"
      },
      "original": {
        "owner": "NixOS",
        "ref": "nixpkgs-unstable",
        "repo": "nixpkgs",
        "type": "github"
      }
    },
    "nixpkgs_6": {
      "locked": {
        "lastModified": 1706191920,
        "narHash": "sha256-eLihrZAPZX0R6RyM5fYAWeKVNuQPYjAkCUBr+JNvtdE=",
        "owner": "nixos",
        "repo": "nixpkgs",
        "rev": "ae5c332cbb5827f6b1f02572496b141021de335f",
        "type": "github"
      },
      "original": {
        "owner": "nixos",
        "ref": "nixos-unstable",
        "repo": "nixpkgs",
        "type": "github"
      }
    },
    "nixpkgs_7": {
      "locked": {
        "lastModified": 1689850295,
        "narHash": "sha256-fUYf6WdQlhd2H+3aR8jST5dhFH1d0eE22aes8fNIfyk=",
        "owner": "nixos",
        "repo": "nixpkgs",
        "rev": "5df4d78d54f7a34e9ea1f84a22b4fd9baebc68d0",
        "type": "github"
      },
      "original": {
        "owner": "nixos",
        "ref": "nixos-unstable",
        "repo": "nixpkgs",
        "type": "github"
      }
    },
    "nixpkgs_8": {
      "locked": {
        "lastModified": 1705856552,
        "narHash": "sha256-JXfnuEf5Yd6bhMs/uvM67/joxYKoysyE3M2k6T3eWbg=",
        "owner": "NixOS",
        "repo": "nixpkgs",
        "rev": "612f97239e2cc474c13c9dafa0df378058c5ad8d",
        "type": "github"
      },
      "original": {
        "owner": "NixOS",
        "ref": "nixos-unstable",
        "repo": "nixpkgs",
        "type": "github"
      }
    },
    "nmd": {
      "flake": false,
      "locked": {
        "lastModified": 1666190571,
        "narHash": "sha256-Z1hc7M9X6L+H83o9vOprijpzhTfOBjd0KmUTnpHAVjA=",
        "owner": "rycee",
        "repo": "nmd",
        "rev": "b75d312b4f33bd3294cd8ae5c2ca8c6da2afc169",
        "type": "gitlab"
      },
      "original": {
        "owner": "rycee",
        "repo": "nmd",
        "type": "gitlab"
      }
    },
    "nmd_2": {
      "flake": false,
      "locked": {
        "lastModified": 1666190571,
        "narHash": "sha256-Z1hc7M9X6L+H83o9vOprijpzhTfOBjd0KmUTnpHAVjA=",
        "owner": "rycee",
        "repo": "nmd",
        "rev": "b75d312b4f33bd3294cd8ae5c2ca8c6da2afc169",
        "type": "gitlab"
      },
      "original": {
        "owner": "rycee",
        "repo": "nmd",
        "type": "gitlab"
      }
    },
    "nms": {
      "inputs": {
        "nixpkgs": [
          "nixpkgs"
        ]
      },
      "locked": {
        "lastModified": 1703659416,
        "narHash": "sha256-+S75gs0rUWlWpiozAh3sCPar+gfZ96efG7Ifpo5rleA=",
        "owner": "matt1432",
        "repo": "nixos-minecraft-servers",
        "rev": "cee4e78311e225aae0af6a49f410d5da23d40b66",
        "type": "github"
      },
      "original": {
        "owner": "matt1432",
        "repo": "nixos-minecraft-servers",
        "type": "github"
      }
    },
    "nmt": {
      "flake": false,
      "locked": {
        "lastModified": 1648075362,
        "narHash": "sha256-u36WgzoA84dMVsGXzml4wZ5ckGgfnvS0ryzo/3zn/Pc=",
        "owner": "rycee",
        "repo": "nmt",
        "rev": "d83601002c99b78c89ea80e5e6ba21addcfe12ae",
        "type": "gitlab"
      },
      "original": {
        "owner": "rycee",
        "repo": "nmt",
        "type": "gitlab"
      }
    },
    "nur": {
      "locked": {
        "lastModified": 1706395433,
        "narHash": "sha256-sNW4Zat3CYh+gLXPWCc4UasXIlXb5JLTeLf8iNn4ykA=",
        "owner": "nix-community",
        "repo": "NUR",
        "rev": "236b614c4c91c07e1239dff02e91377bf305354f",
        "type": "github"
      },
      "original": {
        "owner": "nix-community",
        "repo": "NUR",
        "type": "github"
      }
    },
    "nurl": {
      "inputs": {
        "nixpkgs": "nixpkgs_7"
      },
      "locked": {
        "lastModified": 1705465585,
        "narHash": "sha256-kAh2Nqk18MFMyBFgz8Bd6tYrI7upIlZLeW4QyAeZLxU=",
        "owner": "nix-community",
        "repo": "nurl",
        "rev": "7ceb2108cb164e6ed3265553e1431add6c7f5861",
        "type": "github"
      },
      "original": {
        "owner": "nix-community",
        "repo": "nurl",
        "type": "github"
      }
    },
    "nvim-theme-src": {
      "flake": false,
      "locked": {
        "lastModified": 1705994462,
        "narHash": "sha256-yGV/bA7+Xi+LBi4Iz/SZDVl0KWoo+IO9kgfSIgTk0Ow=",
        "owner": "Mofiqul",
        "repo": "dracula.nvim",
        "rev": "a6cb758d4b182d9f2b7e742910078d94877c1059",
        "type": "github"
      },
      "original": {
        "owner": "Mofiqul",
        "repo": "dracula.nvim",
        "type": "github"
      }
    },
    "pacemaker": {
      "inputs": {
        "nixpkgs": "nixpkgs_8",
        "nixpkgs-pacemaker": "nixpkgs-pacemaker"
      },
      "locked": {
        "lastModified": 1706334315,
        "narHash": "sha256-qiq4OnCJXTfwE2U/nWlr/CD7bDoVTVd3+OGkzx6P+po=",
        "owner": "matt1432",
        "repo": "nixos-pacemaker",
        "rev": "2975ea94050e2e0df824539ed80cdf996dd1ab7d",
        "type": "github"
      },
      "original": {
        "owner": "matt1432",
        "repo": "nixos-pacemaker",
        "type": "github"
      }
    },
    "pam-fprint-grosshack-src": {
      "flake": false,
      "locked": {
        "lastModified": 1658952526,
        "narHash": "sha256-obczZbf/oH4xGaVvp3y3ZyDdYhZnxlCWvL0irgEYIi0=",
        "owner": "mishakmak",
        "repo": "pam-fprint-grosshack",
        "rev": "45b42524fb5783e1e555067743d7e0f70d27888a",
        "type": "gitlab"
      },
      "original": {
        "owner": "mishakmak",
        "repo": "pam-fprint-grosshack",
        "type": "gitlab"
      }
    },
    "persist-properties-src": {
      "flake": false,
      "locked": {
        "lastModified": 1668485020,
        "narHash": "sha256-C2nejhkxAZgfKRl9FrZZqODq2xW6zCbv/sBiqXSAd2k=",
        "owner": "d87",
        "repo": "mpv-persist-properties",
        "rev": "ddb1e6bd7a7d57da9b567ea8dc5227906f416ec6",
        "type": "github"
      },
      "original": {
        "owner": "d87",
        "repo": "mpv-persist-properties",
        "type": "github"
      }
    },
    "plymouth-src": {
      "flake": false,
      "locked": {
        "host": "gitlab.freedesktop.org",
        "lastModified": 1705370819,
        "narHash": "sha256-kxmvUePHM0I1nH4KvYOE9QkCFUQX8U18Zsb4qD/xr0Q=",
        "owner": "plymouth",
        "repo": "plymouth",
        "rev": "07662e5488340e282d91075b79cb2ae83dd1f3cb",
        "type": "gitlab"
      },
      "original": {
        "host": "gitlab.freedesktop.org",
        "owner": "plymouth",
        "repo": "plymouth",
        "type": "gitlab"
      }
    },
    "plymouth-theme-src": {
      "flake": false,
      "locked": {
        "lastModified": 1704576657,
        "narHash": "sha256-nHirp6UMvBd4rMpXu5xWtBf9GN/jasHhZrUol6HGXpA=",
        "owner": "matt1432",
        "repo": "dracula-plymouth",
        "rev": "54c523dbae26bf68683f27cda79c92da87229ab0",
        "type": "github"
      },
      "original": {
        "owner": "matt1432",
        "repo": "dracula-plymouth",
        "type": "github"
      }
    },
    "pointer-event-src": {
      "flake": false,
      "locked": {
        "lastModified": 1675462432,
        "narHash": "sha256-h2E8wiQX2Vh9qyi2VsXzeOE5vnD9Xin5HZ2Wu2LZUOY=",
        "owner": "christoph-heinrich",
        "repo": "mpv-pointer-event",
        "rev": "33c5ede5977817596ace5a9942a8c801ad3b3d28",
        "type": "github"
      },
      "original": {
        "owner": "christoph-heinrich",
        "repo": "mpv-pointer-event",
        "type": "github"
      }
    },
    "pokemon-colorscripts-src": {
      "flake": false,
      "locked": {
        "lastModified": 1666991310,
        "narHash": "sha256-rj0qKYHCu9SyNsj1PZn1g7arjcHuIDGHwubZg/yJt7A=",
        "owner": "phoneybadger",
        "repo": "pokemon-colorscripts",
        "rev": "0483c85b93362637bdd0632056ff986c07f30868",
        "type": "gitlab"
      },
      "original": {
        "owner": "phoneybadger",
        "repo": "pokemon-colorscripts",
        "type": "gitlab"
      }
    },
    "root": {
      "inputs": {
        "ags": "ags",
        "arion": "arion",
        "bat-theme-src": "bat-theme-src",
        "caddy-plugins": "caddy-plugins",
        "coc-stylelintplus": "coc-stylelintplus",
        "eisa-scripts-src": "eisa-scripts-src",
        "git-theme-src": "git-theme-src",
        "gpu-screen-recorder-src": "gpu-screen-recorder-src",
        "gtk-theme-src": "gtk-theme-src",
        "headscale": "headscale",
        "home-manager": "home-manager",
        "hyprgrass": "hyprgrass",
        "hyprland": "hyprland",
        "modernx-src": "modernx-src",
        "nh": "nh",
        "nix-gaming": "nix-gaming",
        "nix-index-db": "nix-index-db",
        "nix-melt": "nix-melt",
        "nix-on-droid": "nix-on-droid",
        "nixpkgs": "nixpkgs_4",
        "nixpkgs-wayland": "nixpkgs-wayland",
        "nms": "nms",
        "nur": "nur",
        "nurl": "nurl",
        "nvim-theme-src": "nvim-theme-src",
        "pacemaker": "pacemaker",
        "pam-fprint-grosshack-src": "pam-fprint-grosshack-src",
        "persist-properties-src": "persist-properties-src",
        "plymouth-src": "plymouth-src",
        "plymouth-theme-src": "plymouth-theme-src",
        "pointer-event-src": "pointer-event-src",
        "pokemon-colorscripts-src": "pokemon-colorscripts-src",
        "secrets": "secrets",
        "spotifywm-src": "spotifywm-src",
        "touch-gestures-src": "touch-gestures-src",
        "trash-d-src": "trash-d-src",
        "tree-sitter-hyprlang": "tree-sitter-hyprlang",
        "xresources-theme-src": "xresources-theme-src"
      }
    },
    "secrets": {
      "inputs": {
        "nixpkgs": [
          "nixpkgs"
        ],
        "sops-nix": "sops-nix"
      },
      "locked": {
        "lastModified": 1706296642,
        "narHash": "sha256-If1RZSkzjcp8IhQlObt8Ih3zW/xPof9HPlenF3ZbWq8=",
        "ref": "refs/heads/main",
        "rev": "418f51a455052c9344d2dc90731ffdf008472b56",
        "revCount": 38,
        "type": "git",
        "url": "ssh://git@git.nelim.org/matt1432/nixos-secrets"
      },
      "original": {
        "type": "git",
        "url": "ssh://git@git.nelim.org/matt1432/nixos-secrets"
      }
    },
    "sops-nix": {
      "inputs": {
        "nixpkgs": [
          "secrets",
          "nixpkgs"
        ],
        "nixpkgs-stable": "nixpkgs-stable"
      },
      "locked": {
        "lastModified": 1705356877,
        "narHash": "sha256-274jL1cH64DcXUXebVMZBRUsTs3FvFlPIPkCN/yhSnI=",
        "owner": "Mic92",
        "repo": "sops-nix",
        "rev": "87755331580fdf23df7e39b46d63ac88236bf42c",
        "type": "github"
      },
      "original": {
        "owner": "Mic92",
        "repo": "sops-nix",
        "type": "github"
      }
    },
    "spotifywm-src": {
      "flake": false,
      "locked": {
        "lastModified": 1666732863,
        "narHash": "sha256-AsXqcoqUXUFxTG+G+31lm45gjP6qGohEnUSUtKypew0=",
        "owner": "dasJ",
        "repo": "spotifywm",
        "rev": "8624f539549973c124ed18753881045968881745",
        "type": "github"
      },
      "original": {
        "owner": "dasJ",
        "repo": "spotifywm",
        "type": "github"
      }
    },
    "systems": {
      "locked": {
        "lastModified": 1681028828,
        "narHash": "sha256-Vy1rq5AaRuLzOxct8nz4T6wlgyUR7zLU309k9mBC768=",
        "owner": "nix-systems",
        "repo": "default",
        "rev": "da67096a3b9bf56a91d16901293e51ba5b49a27e",
        "type": "github"
      },
      "original": {
        "owner": "nix-systems",
        "repo": "default",
        "type": "github"
      }
    },
    "systems_2": {
      "locked": {
        "lastModified": 1681028828,
        "narHash": "sha256-Vy1rq5AaRuLzOxct8nz4T6wlgyUR7zLU309k9mBC768=",
        "owner": "nix-systems",
        "repo": "default",
        "rev": "da67096a3b9bf56a91d16901293e51ba5b49a27e",
        "type": "github"
      },
      "original": {
        "owner": "nix-systems",
        "repo": "default",
        "type": "github"
      }
    },
    "systems_3": {
      "locked": {
        "lastModified": 1689347949,
        "narHash": "sha256-12tWmuL2zgBgZkdoB6qXZsgJEH9LR3oUgpaQq2RbI80=",
        "owner": "nix-systems",
        "repo": "default-linux",
        "rev": "31732fcf5e8fea42e59c2488ad31a0e651500f68",
        "type": "github"
      },
      "original": {
        "owner": "nix-systems",
        "repo": "default-linux",
        "type": "github"
      }
    },
    "systems_4": {
      "locked": {
        "lastModified": 1681028828,
        "narHash": "sha256-Vy1rq5AaRuLzOxct8nz4T6wlgyUR7zLU309k9mBC768=",
        "owner": "nix-systems",
        "repo": "default",
        "rev": "da67096a3b9bf56a91d16901293e51ba5b49a27e",
        "type": "github"
      },
      "original": {
        "owner": "nix-systems",
        "repo": "default",
        "type": "github"
      }
    },
    "systems_5": {
      "locked": {
        "lastModified": 1681028828,
        "narHash": "sha256-Vy1rq5AaRuLzOxct8nz4T6wlgyUR7zLU309k9mBC768=",
        "owner": "nix-systems",
        "repo": "default",
        "rev": "da67096a3b9bf56a91d16901293e51ba5b49a27e",
        "type": "github"
      },
      "original": {
        "owner": "nix-systems",
        "repo": "default",
        "type": "github"
      }
    },
    "touch-gestures-src": {
      "flake": false,
      "locked": {
        "lastModified": 1675464086,
        "narHash": "sha256-gmo6sTwN85WS/+wtlylfI22LxyZH48DvXYP5JGCnyU4=",
        "owner": "christoph-heinrich",
        "repo": "mpv-touch-gestures",
        "rev": "f4aa499f038997c1824ff3bfa64ee1d5438d72f2",
        "type": "github"
      },
      "original": {
        "owner": "christoph-heinrich",
        "repo": "mpv-touch-gestures",
        "type": "github"
      }
    },
    "trash-d-src": {
      "flake": false,
      "locked": {
        "lastModified": 1692895205,
        "narHash": "sha256-oPxeoEqOYf6DCg5rJxINqAIlMbxqzAJcZDUY/EzADzY=",
        "owner": "rushsteve1",
        "repo": "trash-d",
        "rev": "d88bb672612761c8e299e717857bf9c85a903e99",
        "type": "github"
      },
      "original": {
        "owner": "rushsteve1",
        "repo": "trash-d",
        "type": "github"
      }
    },
    "tree-sitter-hyprlang": {
      "inputs": {
        "flake-utils": "flake-utils_4",
        "nixpkgs": [
          "nixpkgs"
        ]
      },
      "locked": {
        "lastModified": 1705683253,
        "narHash": "sha256-x7l6V93lq6SLThLrJa2fLdEUyOOjE3dNu3FWkARZAhA=",
        "owner": "luckasRanarison",
        "repo": "tree-sitter-hyprlang",
        "rev": "e60fc858e6327a15c0b26f99ec96945fecd1e4ee",
        "type": "github"
      },
      "original": {
        "owner": "luckasRanarison",
        "repo": "tree-sitter-hyprlang",
        "type": "github"
      }
    },
    "treefmt-nix": {
      "inputs": {
        "nixpkgs": [
          "nixpkgs-wayland",
          "nix-eval-jobs",
          "nixpkgs"
        ]
      },
      "locked": {
        "lastModified": 1702979157,
        "narHash": "sha256-RnFBbLbpqtn4AoJGXKevQMCGhra4h6G2MPcuTSZZQ+g=",
        "owner": "numtide",
        "repo": "treefmt-nix",
        "rev": "2961375283668d867e64129c22af532de8e77734",
        "type": "github"
      },
      "original": {
        "owner": "numtide",
        "repo": "treefmt-nix",
        "type": "github"
      }
    },
    "wlroots": {
      "flake": false,
      "locked": {
        "host": "gitlab.freedesktop.org",
        "lastModified": 1706359063,
        "narHash": "sha256-5HUTG0p+nCJv3cn73AmFHRZdfRV5AD5N43g8xAePSKM=",
        "owner": "wlroots",
        "repo": "wlroots",
        "rev": "00b869c1a96f300a8f25da95d624524895e0ddf2",
        "type": "gitlab"
      },
      "original": {
        "host": "gitlab.freedesktop.org",
        "owner": "wlroots",
        "repo": "wlroots",
        "rev": "00b869c1a96f300a8f25da95d624524895e0ddf2",
        "type": "gitlab"
      }
    },
    "xdph": {
      "inputs": {
        "hyprland-protocols": [
          "hyprland",
          "hyprland-protocols"
        ],
        "hyprlang": "hyprlang",
        "nixpkgs": [
          "hyprland",
          "nixpkgs"
        ],
        "systems": [
          "hyprland",
          "systems"
        ]
      },
      "locked": {
        "lastModified": 1706145785,
        "narHash": "sha256-j9MP4fv2U/vdRKAXXc2gyMTmYwVnHP6kHx1/y6jprrU=",
        "owner": "hyprwm",
        "repo": "xdg-desktop-portal-hyprland",
        "rev": "5a592647587cd20b9692a347df6939b6d371b3bb",
        "type": "github"
      },
      "original": {
        "owner": "hyprwm",
        "repo": "xdg-desktop-portal-hyprland",
        "type": "github"
      }
    },
    "xresources-theme-src": {
      "flake": false,
      "locked": {
        "lastModified": 1647833631,
        "narHash": "sha256-6fltsAluqOqYIh2NX0I/LC3WCWkb9Fn8PH6LNLBQbrY=",
        "owner": "dracula",
        "repo": "xresources",
        "rev": "539ef24e9b0c5498a82d59bfa2bad9b618d832a3",
        "type": "github"
      },
      "original": {
        "owner": "dracula",
        "repo": "xresources",
        "type": "github"
      }
    }
  },
  "root": "root",
  "version": 7
}
