{
  "name": "some-sass-language-server",
  "lockfileVersion": 3,
  "requires": true,
  "packages": {
    "": {
      "dependencies": {
        "some-sass-language-server": "2.3.0"
      }
    },
    "node_modules/some-sass-language-server": {
      "version": "2.3.0",
      "resolved": "https://registry.npmjs.org/some-sass-language-server/-/some-sass-language-server-2.3.0.tgz",
      "integrity": "sha512-3T3uDL242V45rfBkxVb903B6l6iM+ZmZsM13LIsYa9JLx12CRabeGb0Gr+1PptXGtRILt7PXdyklYdVyrvCX4g==",
      "license": "MIT",
      "bin": {
        "some-sass-language-server": "bin/some-sass-language-server"
      },
      "engines": {
        "node": ">=20"
      }
    }
  }
}
