{
  "name": "some-sass-language-server",
  "lockfileVersion": 3,
  "requires": true,
  "packages": {
    "": {
      "dependencies": {
        "some-sass-language-server": "2.3.1"
      }
    },
    "node_modules/some-sass-language-server": {
      "version": "2.3.1",
      "resolved": "https://registry.npmjs.org/some-sass-language-server/-/some-sass-language-server-2.3.1.tgz",
      "integrity": "sha512-Ay0b7L5mHd/pyeHLkbmaQkbkHGV7N9ZfonEbg7bpXOvnSFgv/COMppQbM+iVSSRbtPr22hwetb8AWEBdkSv9jg==",
      "license": "MIT",
      "bin": {
        "some-sass-language-server": "bin/some-sass-language-server"
      },
      "engines": {
        "node": ">=20"
      }
    }
  }
}
