{
  "name": "some-sass-language-server",
  "lockfileVersion": 3,
  "requires": true,
  "packages": {
    "": {
      "dependencies": {
        "some-sass-language-server": "2.3.8"
      }
    },
    "node_modules/some-sass-language-server": {
      "version": "2.3.8",
      "resolved": "https://registry.npmjs.org/some-sass-language-server/-/some-sass-language-server-2.3.8.tgz",
      "integrity": "sha512-7muc8sNs3VYA9yeZONMsr8MusNE636VqUc9D5F12B7uTZv/2JVPC0MuuMUgsQ0+OZqeyZJaxN5+nd6AxYo78Yg==",
      "license": "MIT",
      "bin": {
        "some-sass-language-server": "bin/some-sass-language-server"
      },
      "engines": {
        "node": ">=20"
      }
    }
  }
}
